// !$*UTF8*$!
{
	archiveVersion = 1;
	classes = {
	};
	objectVersion = 77;
	objects = {

/* Begin PBXBuildFile section */
		019973BB81938BA8AA3F5CC2 /* Toast.swift in Sources */ = {isa = PBXBuildFile; fileRef = D0BDFB9B0442602196E25DA6 /* Toast.swift */; };
		028D66A8DEDBB39EA3F4B3D4 /* SystemIntegrationUITests.swift in Sources */ = {isa = PBXBuildFile; fileRef = 3580137DBE6288651C5807B3 /* SystemIntegrationUITests.swift */; };
		065D5B98B0AA3462267A0E61 /* TagDialogs.swift in Sources */ = {isa = PBXBuildFile; fileRef = 3F4B278CBFA76447B29AB89E /* TagDialogs.swift */; };
		065E436387B2E9B2EA0A50EA /* BudgieApp.swift in Sources */ = {isa = PBXBuildFile; fileRef = F6490075274592AC5E0C6D3B /* BudgieApp.swift */; };
		08260060690300F8A2D702DE /* Headers.swift in Sources */ = {isa = PBXBuildFile; fileRef = 8BBD70AF06C9C13FFE5A573C /* Headers.swift */; };
		0860E2AFB8E9781A5396C119 /* SplineSansMono-SemiBold.ttf in Resources */ = {isa = PBXBuildFile; fileRef = DB3E7017FDAA6228AFB3AE3C /* SplineSansMono-SemiBold.ttf */; };
		0BDCBA1F7A98D49F747333A5 /* MainView.swift in Sources */ = {isa = PBXBuildFile; fileRef = 30909C3F10B6B69B9FE7DE2C /* MainView.swift */; };
		11E857F5EF1E31B97EF3D43B /* TextLineHeightTests.swift in Sources */ = {isa = PBXBuildFile; fileRef = 800FA2FCB6FBC4E3D3E72E06 /* TextLineHeightTests.swift */; };
		122195B6962D7B71268770FA /* TrendCard.swift in Sources */ = {isa = PBXBuildFile; fileRef = 6D9EBB466D4272F48F68DC73 /* TrendCard.swift */; };
		16E5859E66AF85EACC3638A5 /* CategoriesUITests.swift in Sources */ = {isa = PBXBuildFile; fileRef = AF2C15333DB4B53CEC061C60 /* CategoriesUITests.swift */; };
		185C0FE6BA340EAF781E9137 /* CategoriesView.swift in Sources */ = {isa = PBXBuildFile; fileRef = 90C357B65E15C391D2624D5F /* CategoriesView.swift */; };
		19FB5D980F78CF1BB363E8AC /* HomeHero.swift in Sources */ = {isa = PBXBuildFile; fileRef = 21D98BE7CAA32047DC8ED7BB /* HomeHero.swift */; };
		1B9213F25E5905AD4B770CC3 /* HomeMonthPanel.swift in Sources */ = {isa = PBXBuildFile; fileRef = 51ADA0B74BB5F802C9C663C8 /* HomeMonthPanel.swift */; };
		1CA4701DA16820AFD9D048D2 /* GoalsUITests.swift in Sources */ = {isa = PBXBuildFile; fileRef = 9F8AD1A2FD9AF25D2A624BFB /* GoalsUITests.swift */; };
		1CD6C6774725EE4E84DCFF23 /* NetCashFlowCard.swift in Sources */ = {isa = PBXBuildFile; fileRef = 3E844E933EE38F40FCF2098F /* NetCashFlowCard.swift */; };
		1CFC24C829D8C188212843D9 /* WorthUITests.swift in Sources */ = {isa = PBXBuildFile; fileRef = FBF992CF11791368E3AEC7EC /* WorthUITests.swift */; };
		1E6662429CE0A93506A8EF0C /* OnboardingCopyTests.swift in Sources */ = {isa = PBXBuildFile; fileRef = C619DD485C5001334ED29F30 /* OnboardingCopyTests.swift */; };
		200CD3EE72523B4415302864 /* TagRuleModelTests.swift in Sources */ = {isa = PBXBuildFile; fileRef = 2238E110E1ADF849421F8C77 /* TagRuleModelTests.swift */; };
		2028BD40319E041FE4307F31 /* MonthStrip.swift in Sources */ = {isa = PBXBuildFile; fileRef = E3C39A24DE28EC428B953C06 /* MonthStrip.swift */; };
		211FEA986BECCBDB82B92FCF /* AccountEditorInputTests.swift in Sources */ = {isa = PBXBuildFile; fileRef = EDDA82B10D34CBA6ED21C4CA /* AccountEditorInputTests.swift */; };
		216B9F81FFC920C67FD16E94 /* OnboardingView.swift in Sources */ = {isa = PBXBuildFile; fileRef = CA16D9B49C027ECF594E0A98 /* OnboardingView.swift */; };
		25510BEC61B1A34228AA2554 /* AppModel.swift in Sources */ = {isa = PBXBuildFile; fileRef = DE53DE5AD70779A34E32BD53 /* AppModel.swift */; };
		2817870E0A8560BF37CACB38 /* WorthGrowthChart.swift in Sources */ = {isa = PBXBuildFile; fileRef = 60A226D2ABA030175D1E550B /* WorthGrowthChart.swift */; };
		281973279A82457BDE68EAD0 /* BudgieCore in Frameworks */ = {isa = PBXBuildFile; productRef = B54562B75CAA02C6A251ACA7 /* BudgieCore */; };
		291034520F1F8FCA0E5EEE5C /* Gabarito-Regular.ttf in Resources */ = {isa = PBXBuildFile; fileRef = 9DDE63388353596BAFA764E9 /* Gabarito-Regular.ttf */; };
		300EDAE2DDB4850700D173A7 /* InsightsUITests.swift in Sources */ = {isa = PBXBuildFile; fileRef = D82B39926BC8858254C52100 /* InsightsUITests.swift */; };
		310FFC1574711FF99182A14F /* Motion.swift in Sources */ = {isa = PBXBuildFile; fileRef = DC281C7ED6BA5AFCAAEF93D5 /* Motion.swift */; };
		3670039B1B91546C7355A767 /* RuleEditorDialog.swift in Sources */ = {isa = PBXBuildFile; fileRef = BC9A6C45595FA738A4CA3C83 /* RuleEditorDialog.swift */; };
		3A00F0582DF616A78CEBF1BE /* CelebrationOverlay.swift in Sources */ = {isa = PBXBuildFile; fileRef = 7BC61ABBB0C4A64D43AC2FB2 /* CelebrationOverlay.swift */; };
		3C9C9C3E147E2025E4F58A3B /* WorthView.swift in Sources */ = {isa = PBXBuildFile; fileRef = 443443C6EEDFDF525F2487BE /* WorthView.swift */; };
		4081954DA097ACE32C29ED38 /* SelectedMonthTests.swift in Sources */ = {isa = PBXBuildFile; fileRef = 16875E9FA30EEEA296CE7D33 /* SelectedMonthTests.swift */; };
		42C5440BDDA27C9941A77586 /* RouteOverPresentationUITests.swift in Sources */ = {isa = PBXBuildFile; fileRef = 3931D9B56E17B4B8A9050D56 /* RouteOverPresentationUITests.swift */; };
		45A48350E6806575097C67D3 /* QuickExpenseSheet.swift in Sources */ = {isa = PBXBuildFile; fileRef = F398A47C7525A397743A430C /* QuickExpenseSheet.swift */; };
		492795C0458BFC819E94B678 /* Pills.swift in Sources */ = {isa = PBXBuildFile; fileRef = 706B0B604B43DD43AB07DA98 /* Pills.swift */; };
		4BCAFD264E95D9E742AE05BA /* Gabarito-ExtraBold.ttf in Resources */ = {isa = PBXBuildFile; fileRef = 26BB2E615765EF1D846843C2 /* Gabarito-ExtraBold.ttf */; };
		4C1789440031F779E6550164 /* AccountHistoryView.swift in Sources */ = {isa = PBXBuildFile; fileRef = 3140229293B68DC80B29695D /* AccountHistoryView.swift */; };
		50D19AAA5AEB0097321C1173 /* CategoryRowMenuTests.swift in Sources */ = {isa = PBXBuildFile; fileRef = C75D0A19BC434821835CCF5C /* CategoryRowMenuTests.swift */; };
		5416B7A70F85D0A149C0BA4C /* BudgetWidgetsBundle.swift in Sources */ = {isa = PBXBuildFile; fileRef = B580B965259798CC484798A5 /* BudgetWidgetsBundle.swift */; };
		57C1710C00FB36BCF8B60059 /* TagsRulesView.swift in Sources */ = {isa = PBXBuildFile; fileRef = EAFA90BE0220F078585F963B /* TagsRulesView.swift */; };
		58421D731B43BA4B428F6F12 /* FlowView.swift in Sources */ = {isa = PBXBuildFile; fileRef = 2DF1B6BD45CD3611914BF395 /* FlowView.swift */; };
		5AC290014BC51785886288D1 /* FontTests.swift in Sources */ = {isa = PBXBuildFile; fileRef = FDF2F936CC7D305389BBED49 /* FontTests.swift */; };
		5C46FB7738C7E9B39B128951 /* Glow.swift in Sources */ = {isa = PBXBuildFile; fileRef = 4A98DC9BE2B7642524497EC0 /* Glow.swift */; };
		5C9906BF143C4B6C61F3E2DE /* Cards.swift in Sources */ = {isa = PBXBuildFile; fileRef = 36BD27819DF0A258524F0996 /* Cards.swift */; };
		6203B90952180BFA29B28B58 /* RecurringView.swift in Sources */ = {isa = PBXBuildFile; fileRef = 696727C7D65FFD344214C039 /* RecurringView.swift */; };
		626B03DE04BB702D62F699F5 /* Gabarito-SemiBold.ttf in Resources */ = {isa = PBXBuildFile; fileRef = B252B4E7CB90F0EE19AF2304 /* Gabarito-SemiBold.ttf */; };
		626D05D6DF17191AFF04A224 /* CSVImportUITests.swift in Sources */ = {isa = PBXBuildFile; fileRef = D995A7E368330A846DC5324C /* CSVImportUITests.swift */; };
		64433AACB7BA41416F428F43 /* TransactionsView.swift in Sources */ = {isa = PBXBuildFile; fileRef = A3B27A4D4782E48269084A57 /* TransactionsView.swift */; };
		67253D481CF6D6074C69FF7C /* TabsUITests.swift in Sources */ = {isa = PBXBuildFile; fileRef = 0DB6C149EE701AF5EB0C1858 /* TabsUITests.swift */; };
		686B2F2C31484B299E48B679 /* InsightCard.swift in Sources */ = {isa = PBXBuildFile; fileRef = 57856BC03CA1E8608F52F3D0 /* InsightCard.swift */; };
		6D1605A29F887E72113F51C8 /* SplineSansMono-Regular.ttf in Resources */ = {isa = PBXBuildFile; fileRef = 98832354F506137CEF66DFC4 /* SplineSansMono-Regular.ttf */; };
		6D4565D119A57E52E7C3DD79 /* TransactionFormValidationTests.swift in Sources */ = {isa = PBXBuildFile; fileRef = AC8BD160059B70E88B177161 /* TransactionFormValidationTests.swift */; };
		727666CCDFE3450761B5F522 /* SplineSansMono-Medium.ttf in Resources */ = {isa = PBXBuildFile; fileRef = E69FAA56FB03F2975E37E1D4 /* SplineSansMono-Medium.ttf */; };
		7493165BACE175009509A326 /* OnboardingUITests.swift in Sources */ = {isa = PBXBuildFile; fileRef = F28A98176EFC962CA89B719C /* OnboardingUITests.swift */; };
		74A926EA84A8FDEEC4CCDBCD /* DataTransferModelTests.swift in Sources */ = {isa = PBXBuildFile; fileRef = B9EF96C400C5C936130FDC54 /* DataTransferModelTests.swift */; };
		767CAD064D77B2559BDEF73E /* SpendPaletteTests.swift in Sources */ = {isa = PBXBuildFile; fileRef = 58876583DBD69473AF4D7388 /* SpendPaletteTests.swift */; };
		7BB7CCEDB7106CD947FF5022 /* SettingsRows.swift in Sources */ = {isa = PBXBuildFile; fileRef = B90721EC861BCA0309EBE86D /* SettingsRows.swift */; };
		7DED1DB6FFB1EEE16F46577F /* AmountInputTests.swift in Sources */ = {isa = PBXBuildFile; fileRef = EEECB109BAD3F282232EAC05 /* AmountInputTests.swift */; };
		7F0043E5208FE859AD441807 /* CategoryRows.swift in Sources */ = {isa = PBXBuildFile; fileRef = 85A7F03EBB3F2E8A5DBEAEF3 /* CategoryRows.swift */; };
		81DFE4BB0C9874BFF79A6FB0 /* GoalsView.swift in Sources */ = {isa = PBXBuildFile; fileRef = 21E66291B8433CB5179F0E37 /* GoalsView.swift */; };
		847A524749C84D4CCC56914B /* GoalCard.swift in Sources */ = {isa = PBXBuildFile; fileRef = DC2520D7EA4306F24110F195 /* GoalCard.swift */; };
		8ADD0777977928235CF3B44A /* GoalForm.swift in Sources */ = {isa = PBXBuildFile; fileRef = 8D446321DA383AD1E6B29197 /* GoalForm.swift */; };
		8F1656985A23437F8FCD8BA5 /* BudgetWidgetsExtension.appex in Embed Foundation Extensions */ = {isa = PBXBuildFile; fileRef = 95305E260118DBE605359800 /* BudgetWidgetsExtension.appex */; settings = {ATTRIBUTES = (RemoveHeadersOnCopy, ); }; };
		90F6E489893123A00170EE80 /* Gabarito-Medium.ttf in Resources */ = {isa = PBXBuildFile; fileRef = 5A0807866638A207419BDBB4 /* Gabarito-Medium.ttf */; };
		92C347F5E42211337D69F8AD /* AllocationDialog.swift in Sources */ = {isa = PBXBuildFile; fileRef = 6683EC36749C15D7C77A49B2 /* AllocationDialog.swift */; };
		9594C1D2AE4C9E17DDBC5992 /* ShareSheet.swift in Sources */ = {isa = PBXBuildFile; fileRef = F8576F10D7E1C1D7C72E312B /* ShareSheet.swift */; };
		96FAED38DB9FE11510141039 /* UITestSupport.swift in Sources */ = {isa = PBXBuildFile; fileRef = DD1BD3FF7630DD52CEE62937 /* UITestSupport.swift */; };
		972CC1557003B9C952B68421 /* RecurringOnboardingModelTests.swift in Sources */ = {isa = PBXBuildFile; fileRef = A3081364DE33D9B77DE19520 /* RecurringOnboardingModelTests.swift */; };
		97EE1D83505EAB453C10D5E8 /* CategoryModelTests.swift in Sources */ = {isa = PBXBuildFile; fileRef = 9A804175EF827E605273D950 /* CategoryModelTests.swift */; };
		9C36A3158406EA3338A36968 /* Colors.swift in Sources */ = {isa = PBXBuildFile; fileRef = 37D39DC37012306B07E6140E /* Colors.swift */; };
		9C6AEF96E6D5E17D4C028A17 /* OFL-Gabarito.txt in Resources */ = {isa = PBXBuildFile; fileRef = 91CC962E50A36F957F4DD544 /* OFL-Gabarito.txt */; };
		9D1EF823D7C304C67FA2BFC3 /* Chrome.swift in Sources */ = {isa = PBXBuildFile; fileRef = F311E0C1EEAE984A312B2AFD /* Chrome.swift */; };
		A20040AA4462073164A2FAA5 /* RehearsalSummary.swift in Sources */ = {isa = PBXBuildFile; fileRef = B26060D2DC9FBC934F4E5A81 /* RehearsalSummary.swift */; };
		A33249F54E8B2B0DE95E1C20 /* AmountInput.swift in Sources */ = {isa = PBXBuildFile; fileRef = E732E2D9D8661DE2A3D35729 /* AmountInput.swift */; };
		A40BFB68E6EE2FF18619167F /* RootView.swift in Sources */ = {isa = PBXBuildFile; fileRef = DBBE5D912C19A6258BE48F99 /* RootView.swift */; };
		A8F316E1477447807BAC7E6B /* SpendMonthSheet.swift in Sources */ = {isa = PBXBuildFile; fileRef = FBE125D1B288D8EDAC940049 /* SpendMonthSheet.swift */; };
		A9B03492676EA93C0DFF401B /* Metrics.swift in Sources */ = {isa = PBXBuildFile; fileRef = A4ACB3F3FD965A3ADF042E88 /* Metrics.swift */; };
		AB128120C66EC99D38FFA2DA /* YearOverYearCard.swift in Sources */ = {isa = PBXBuildFile; fileRef = E614E98AA4679E53569F42A4 /* YearOverYearCard.swift */; };
		AC1991E7F824DCBA57EE924F /* RecurringCard.swift in Sources */ = {isa = PBXBuildFile; fileRef = 442A86559DFA4DFACD8630F3 /* RecurringCard.swift */; };
		AFFAED13296092D3B7D70F81 /* CategoryEditorDialog.swift in Sources */ = {isa = PBXBuildFile; fileRef = 0D22440608D90E7913B9F8BE /* CategoryEditorDialog.swift */; };
		B714CE63FA132A02FE2E4890 /* BudgetLimitSheet.swift in Sources */ = {isa = PBXBuildFile; fileRef = A68B7F4E5776878A1B4E5DF5 /* BudgetLimitSheet.swift */; };
		B77F656D6050715E177A0D57 /* Fonts.swift in Sources */ = {isa = PBXBuildFile; fileRef = 05C1B7F8DAB0F15009E0A853 /* Fonts.swift */; };
		B91242CD5E29A921F06A5593 /* Assets.xcassets in Resources */ = {isa = PBXBuildFile; fileRef = 6462237A82B43EB73DD31CEB /* Assets.xcassets */; };
		BC10481C46C47C6063FFDA2B /* OFL-SplineSansMono.txt in Resources */ = {isa = PBXBuildFile; fileRef = 30903279E7AD171EFDE4B3AB /* OFL-SplineSansMono.txt */; };
		BFC3EC7B557D4B28AD5E1E5B /* MVPFlowUITests.swift in Sources */ = {isa = PBXBuildFile; fileRef = 8EEBFF6A3864E8DA7A0385E9 /* MVPFlowUITests.swift */; };
		C02683C5A3EEAFEFAA011A50 /* SettingsView.swift in Sources */ = {isa = PBXBuildFile; fileRef = 9E758855687C3C7914C62089 /* SettingsView.swift */; };
		C0471551D352DE1BFCAF15F6 /* RoutingTests.swift in Sources */ = {isa = PBXBuildFile; fileRef = 4458A9E28C360553F6FF40A7 /* RoutingTests.swift */; };
		C35E109FAF11D13E350D06D0 /* CategoryTransactionsView.swift in Sources */ = {isa = PBXBuildFile; fileRef = 48B0B5D6C0E064C559ED1CF2 /* CategoryTransactionsView.swift */; };
		C446DD4190BB726505C1EB15 /* RecurringFormView.swift in Sources */ = {isa = PBXBuildFile; fileRef = D56928DBFB23A84635CC482B /* RecurringFormView.swift */; };
		C48EF4A9709A77D68B583102 /* DataImportDialog.swift in Sources */ = {isa = PBXBuildFile; fileRef = 46A622BC18E15CB82AA11A76 /* DataImportDialog.swift */; };
		C89FCB098684DB0A51BD750B /* FlowTransactionsView.swift in Sources */ = {isa = PBXBuildFile; fileRef = A6A7F9FE5703AC6B03F66BC2 /* FlowTransactionsView.swift */; };
		CBA2719C7FCA371933164D04 /* AddFormPresenter.swift in Sources */ = {isa = PBXBuildFile; fileRef = 4E914AC86A596DC97136FF9E /* AddFormPresenter.swift */; };
		CBFB72E304409F034FF1BDA6 /* SpendView.swift in Sources */ = {isa = PBXBuildFile; fileRef = 00ECF37EA2E6079B4908AC93 /* SpendView.swift */; };
		CCA2CC50FAB9F170B8939EC4 /* AccountEditorDialog.swift in Sources */ = {isa = PBXBuildFile; fileRef = 6A46CEDEB2213F49AA7A4A0E /* AccountEditorDialog.swift */; };
		CD122DBCF87F3A9655FB46FE /* InsightModelTests.swift in Sources */ = {isa = PBXBuildFile; fileRef = 3A3CBB30FA5FA8D668A04157 /* InsightModelTests.swift */; };
		CEE0A6CF48F8336095F2D33A /* SpringBoardProbe.swift in Sources */ = {isa = PBXBuildFile; fileRef = 9F3C216CCEAB63E8F1DC75E1 /* SpringBoardProbe.swift */; };
		CF91F2BB29FEC76E755BE877 /* FlowSheets.swift in Sources */ = {isa = PBXBuildFile; fileRef = 84B3671771B9C0DC8DD24724 /* FlowSheets.swift */; };
		CFDDCE5E5079FBD2F0A2DB72 /* ToastHost.swift in Sources */ = {isa = PBXBuildFile; fileRef = DB963B463EA9B6FA04CB9A46 /* ToastHost.swift */; };
		D0394324CE04DAE91A138496 /* PrivacyInfo.xcprivacy in Resources */ = {isa = PBXBuildFile; fileRef = 16D8FDD0639384F06528D40C /* PrivacyInfo.xcprivacy */; };
		D65461C43522A0FAEE51D806 /* RecurringUITests.swift in Sources */ = {isa = PBXBuildFile; fileRef = 56CC2E13F2374B8367D6EB80 /* RecurringUITests.swift */; };
		D92EB23D1CA2485689CF5FBB /* BudgetsSection.swift in Sources */ = {isa = PBXBuildFile; fileRef = F75251F37466F9FEAEBF3294 /* BudgetsSection.swift */; };
		DADC714492DA2C972C0F669E /* GoalActions.swift in Sources */ = {isa = PBXBuildFile; fileRef = 11ADA577B45D605D5B1BFC63 /* GoalActions.swift */; };
		DC0ACEC38D74059FC1D891E5 /* AppLock.swift in Sources */ = {isa = PBXBuildFile; fileRef = 5177241A386AE7A9E235D4AD /* AppLock.swift */; };
		DD3477A856F81761EDAE932E /* ToastTests.swift in Sources */ = {isa = PBXBuildFile; fileRef = 31D535FCA57003E013F50CD1 /* ToastTests.swift */; };
		E5B3E3B4F48F551F91B714E9 /* TagsRulesUITests.swift in Sources */ = {isa = PBXBuildFile; fileRef = 23D9B19C20CF2374DFDE0E03 /* TagsRulesUITests.swift */; };
		E7C1E076A51C18F59077828B /* WorthAccounts.swift in Sources */ = {isa = PBXBuildFile; fileRef = C79F27E51B0E62243A661E93 /* WorthAccounts.swift */; };
		EA0E34188ED90C9D7CE8E5B4 /* DiagnosticsView.swift in Sources */ = {isa = PBXBuildFile; fileRef = 9BBE2F4BB26B18F1B815C284 /* DiagnosticsView.swift */; };
		EBEA70BE1580B123E8739B8A /* ProtectedDataMonitor.swift in Sources */ = {isa = PBXBuildFile; fileRef = 423B124988FC6629658BB700 /* ProtectedDataMonitor.swift */; };
		EBF368A32DC5E1465C2F623E /* TransactionsPreviewCard.swift in Sources */ = {isa = PBXBuildFile; fileRef = 34255F0F90CB1FC435B72B63 /* TransactionsPreviewCard.swift */; };
		ED1408D66E67AD68EB5668C3 /* BackupUITests.swift in Sources */ = {isa = PBXBuildFile; fileRef = D9CF826AA81D428AADF1FB75 /* BackupUITests.swift */; };
		ED27F6279C64E595283CCDB5 /* Theme.swift in Sources */ = {isa = PBXBuildFile; fileRef = 55D5F50F2340127241F06169 /* Theme.swift */; };
		EEA3E162B9DA087682C4F671 /* DesignGalleryView.swift in Sources */ = {isa = PBXBuildFile; fileRef = A7C7FD591C40F5FE192B6FDF /* DesignGalleryView.swift */; };
		EF6689C3C15DA5A2F51B5FB6 /* Fields.swift in Sources */ = {isa = PBXBuildFile; fileRef = F03EDCD39307BAAD3D94A78F /* Fields.swift */; };
		F08842C77D36FF5B33731EB9 /* TransactionFormView.swift in Sources */ = {isa = PBXBuildFile; fileRef = 57A8EBB3AF2B4CB200A4B44C /* TransactionFormView.swift */; };
		F091B01D59169689CBB3EDB6 /* Gabarito-Bold.ttf in Resources */ = {isa = PBXBuildFile; fileRef = 213457AB69A67DF35F652E73 /* Gabarito-Bold.ttf */; };
		F174FC9D4CF16A0B6E067ABC /* TextStyles.swift in Sources */ = {isa = PBXBuildFile; fileRef = 0C99D0A6C29A6319DA1FBF36 /* TextStyles.swift */; };
		F26DB5522522EBBF08088FA5 /* LicencesView.swift in Sources */ = {isa = PBXBuildFile; fileRef = 0675028D226C1972E3D145CE /* LicencesView.swift */; };
		F2C2B9B40D0A8478D6574B4E /* Assets.xcassets in Resources */ = {isa = PBXBuildFile; fileRef = B45D2D35234B7CCA0BF312F3 /* Assets.xcassets */; };
		F431010F0ACAD131C4E8E0C8 /* DayPickerDateTests.swift in Sources */ = {isa = PBXBuildFile; fileRef = 5FF752244F61B1DE2509918D /* DayPickerDateTests.swift */; };
		F6E09BF9F2A3745B683508F9 /* DonutChart.swift in Sources */ = {isa = PBXBuildFile; fileRef = 345A926E74D4C24BFC4677CE /* DonutChart.swift */; };
		F87B54CFDC9BC885E883C3FD /* SafeToSpendSheet.swift in Sources */ = {isa = PBXBuildFile; fileRef = 6B2B3CA4D2ADC1BBBBA64532 /* SafeToSpendSheet.swift */; };
		F9767309B73C53816105EC4E /* GlowFab.swift in Sources */ = {isa = PBXBuildFile; fileRef = BB1C875B09356D4582C3026F /* GlowFab.swift */; };
		FBAD6964C736FAAB4EADE1C3 /* SettingsChoiceSheet.swift in Sources */ = {isa = PBXBuildFile; fileRef = A181F647811D2BC5C22C6D1C /* SettingsChoiceSheet.swift */; };
		FBECFD4FBDB6F096E092588B /* HomeView.swift in Sources */ = {isa = PBXBuildFile; fileRef = BA5BEE45B350EE7D82AA1717 /* HomeView.swift */; };
		FD479E8C2B938A9B867681C1 /* OpeningView.swift in Sources */ = {isa = PBXBuildFile; fileRef = 1C1C12C3082F408F35ED722A /* OpeningView.swift */; };
		FE5B9B30E0779A3107D02108 /* BudgetWidgets.swift in Sources */ = {isa = PBXBuildFile; fileRef = 8A2361C4CBE554BE461CBC3D /* BudgetWidgets.swift */; };
		FE84E9BA453CBA39BCF0B4B5 /* AccountHistoryParts.swift in Sources */ = {isa = PBXBuildFile; fileRef = 6374B750C512A64B33B98F8C /* AccountHistoryParts.swift */; };
		FFD6FC8084D6A1535D6930D8 /* Progress.swift in Sources */ = {isa = PBXBuildFile; fileRef = 350D625134954C5DEC15E069 /* Progress.swift */; };
/* End PBXBuildFile section */

/* Begin PBXContainerItemProxy section */
		9576836E5421DD418F630187 /* PBXContainerItemProxy */ = {
			isa = PBXContainerItemProxy;
			containerPortal = BE4FAB550D5DAEC3DC332F5C /* Project object */;
			proxyType = 1;
			remoteGlobalIDString = E5A93A25BB0A7E19A213CFE0;
			remoteInfo = BudgetWidgetsExtension;
		};
		A43490FCFB70755DFC21EB64 /* PBXContainerItemProxy */ = {
			isa = PBXContainerItemProxy;
			containerPortal = BE4FAB550D5DAEC3DC332F5C /* Project object */;
			proxyType = 1;
			remoteGlobalIDString = D89C6551928154644BDAE069;
			remoteInfo = Budgie;
		};
		DD55C5EED2754F0FFF0E1544 /* PBXContainerItemProxy */ = {
			isa = PBXContainerItemProxy;
			containerPortal = BE4FAB550D5DAEC3DC332F5C /* Project object */;
			proxyType = 1;
			remoteGlobalIDString = D89C6551928154644BDAE069;
			remoteInfo = Budgie;
		};
/* End PBXContainerItemProxy section */

/* Begin PBXCopyFilesBuildPhase section */
		9C3BE0E4E023C0D7EE85B9B3 /* Embed Foundation Extensions */ = {
			isa = PBXCopyFilesBuildPhase;
			buildActionMask = 2147483647;
			dstPath = "";
			dstSubfolderSpec = 13;
			files = (
				8F1656985A23437F8FCD8BA5 /* BudgetWidgetsExtension.appex in Embed Foundation Extensions */,
			);
			name = "Embed Foundation Extensions";
			runOnlyForDeploymentPostprocessing = 0;
		};
/* End PBXCopyFilesBuildPhase section */

/* Begin PBXFileReference section */
		00ECF37EA2E6079B4908AC93 /* SpendView.swift */ = {isa = PBXFileReference; lastKnownFileType = sourcecode.swift; path = SpendView.swift; sourceTree = "<group>"; };
		05C1B7F8DAB0F15009E0A853 /* Fonts.swift */ = {isa = PBXFileReference; lastKnownFileType = sourcecode.swift; path = Fonts.swift; sourceTree = "<group>"; };
		0675028D226C1972E3D145CE /* LicencesView.swift */ = {isa = PBXFileReference; lastKnownFileType = sourcecode.swift; path = LicencesView.swift; sourceTree = "<group>"; };
		0A12631956871BA18AFA9044 /* Budgie.app */ = {isa = PBXFileReference; includeInIndex = 0; lastKnownFileType = wrapper.application; path = Budgie.app; sourceTree = BUILT_PRODUCTS_DIR; };
		0BD33E49D26968C2B1B81588 /* BudgieCore */ = {isa = PBXFileReference; lastKnownFileType = folder; name = BudgieCore; path = BudgieCore; sourceTree = SOURCE_ROOT; };
		0C99D0A6C29A6319DA1FBF36 /* TextStyles.swift */ = {isa = PBXFileReference; lastKnownFileType = sourcecode.swift; path = TextStyles.swift; sourceTree = "<group>"; };
		0D22440608D90E7913B9F8BE /* CategoryEditorDialog.swift */ = {isa = PBXFileReference; lastKnownFileType = sourcecode.swift; path = CategoryEditorDialog.swift; sourceTree = "<group>"; };
		0DB6C149EE701AF5EB0C1858 /* TabsUITests.swift */ = {isa = PBXFileReference; lastKnownFileType = sourcecode.swift; path = TabsUITests.swift; sourceTree = "<group>"; };
		11ADA577B45D605D5B1BFC63 /* GoalActions.swift */ = {isa = PBXFileReference; lastKnownFileType = sourcecode.swift; path = GoalActions.swift; sourceTree = "<group>"; };
		16875E9FA30EEEA296CE7D33 /* SelectedMonthTests.swift */ = {isa = PBXFileReference; lastKnownFileType = sourcecode.swift; path = SelectedMonthTests.swift; sourceTree = "<group>"; };
		16D8FDD0639384F06528D40C /* PrivacyInfo.xcprivacy */ = {isa = PBXFileReference; path = PrivacyInfo.xcprivacy; sourceTree = "<group>"; };
		1C1C12C3082F408F35ED722A /* OpeningView.swift */ = {isa = PBXFileReference; lastKnownFileType = sourcecode.swift; path = OpeningView.swift; sourceTree = "<group>"; };
		213457AB69A67DF35F652E73 /* Gabarito-Bold.ttf */ = {isa = PBXFileReference; lastKnownFileType = file; path = "Gabarito-Bold.ttf"; sourceTree = "<group>"; };
		21D98BE7CAA32047DC8ED7BB /* HomeHero.swift */ = {isa = PBXFileReference; lastKnownFileType = sourcecode.swift; path = HomeHero.swift; sourceTree = "<group>"; };
		21E66291B8433CB5179F0E37 /* GoalsView.swift */ = {isa = PBXFileReference; lastKnownFileType = sourcecode.swift; path = GoalsView.swift; sourceTree = "<group>"; };
		2238E110E1ADF849421F8C77 /* TagRuleModelTests.swift */ = {isa = PBXFileReference; lastKnownFileType = sourcecode.swift; path = TagRuleModelTests.swift; sourceTree = "<group>"; };
		23D9B19C20CF2374DFDE0E03 /* TagsRulesUITests.swift */ = {isa = PBXFileReference; lastKnownFileType = sourcecode.swift; path = TagsRulesUITests.swift; sourceTree = "<group>"; };
		26BB2E615765EF1D846843C2 /* Gabarito-ExtraBold.ttf */ = {isa = PBXFileReference; lastKnownFileType = file; path = "Gabarito-ExtraBold.ttf"; sourceTree = "<group>"; };
		2DF1B6BD45CD3611914BF395 /* FlowView.swift */ = {isa = PBXFileReference; lastKnownFileType = sourcecode.swift; path = FlowView.swift; sourceTree = "<group>"; };
		30903279E7AD171EFDE4B3AB /* OFL-SplineSansMono.txt */ = {isa = PBXFileReference; lastKnownFileType = text; path = "OFL-SplineSansMono.txt"; sourceTree = "<group>"; };
		30909C3F10B6B69B9FE7DE2C /* MainView.swift */ = {isa = PBXFileReference; lastKnownFileType = sourcecode.swift; path = MainView.swift; sourceTree = "<group>"; };
		3140229293B68DC80B29695D /* AccountHistoryView.swift */ = {isa = PBXFileReference; lastKnownFileType = sourcecode.swift; path = AccountHistoryView.swift; sourceTree = "<group>"; };
		31BFEBF0FCFDE676131B233F /* BudgetWidgets.entitlements */ = {isa = PBXFileReference; lastKnownFileType = text.plist.entitlements; path = BudgetWidgets.entitlements; sourceTree = "<group>"; };
		31D535FCA57003E013F50CD1 /* ToastTests.swift */ = {isa = PBXFileReference; lastKnownFileType = sourcecode.swift; path = ToastTests.swift; sourceTree = "<group>"; };
		34255F0F90CB1FC435B72B63 /* TransactionsPreviewCard.swift */ = {isa = PBXFileReference; lastKnownFileType = sourcecode.swift; path = TransactionsPreviewCard.swift; sourceTree = "<group>"; };
		345A926E74D4C24BFC4677CE /* DonutChart.swift */ = {isa = PBXFileReference; lastKnownFileType = sourcecode.swift; path = DonutChart.swift; sourceTree = "<group>"; };
		350D625134954C5DEC15E069 /* Progress.swift */ = {isa = PBXFileReference; lastKnownFileType = sourcecode.swift; path = Progress.swift; sourceTree = "<group>"; };
		3580137DBE6288651C5807B3 /* SystemIntegrationUITests.swift */ = {isa = PBXFileReference; lastKnownFileType = sourcecode.swift; path = SystemIntegrationUITests.swift; sourceTree = "<group>"; };
		36BD27819DF0A258524F0996 /* Cards.swift */ = {isa = PBXFileReference; lastKnownFileType = sourcecode.swift; path = Cards.swift; sourceTree = "<group>"; };
		37D39DC37012306B07E6140E /* Colors.swift */ = {isa = PBXFileReference; lastKnownFileType = sourcecode.swift; path = Colors.swift; sourceTree = "<group>"; };
		3931D9B56E17B4B8A9050D56 /* RouteOverPresentationUITests.swift */ = {isa = PBXFileReference; lastKnownFileType = sourcecode.swift; path = RouteOverPresentationUITests.swift; sourceTree = "<group>"; };
		3A3CBB30FA5FA8D668A04157 /* InsightModelTests.swift */ = {isa = PBXFileReference; lastKnownFileType = sourcecode.swift; path = InsightModelTests.swift; sourceTree = "<group>"; };
		3E844E933EE38F40FCF2098F /* NetCashFlowCard.swift */ = {isa = PBXFileReference; lastKnownFileType = sourcecode.swift; path = NetCashFlowCard.swift; sourceTree = "<group>"; };
		3F4B278CBFA76447B29AB89E /* TagDialogs.swift */ = {isa = PBXFileReference; lastKnownFileType = sourcecode.swift; path = TagDialogs.swift; sourceTree = "<group>"; };
		423B124988FC6629658BB700 /* ProtectedDataMonitor.swift */ = {isa = PBXFileReference; lastKnownFileType = sourcecode.swift; path = ProtectedDataMonitor.swift; sourceTree = "<group>"; };
		442A86559DFA4DFACD8630F3 /* RecurringCard.swift */ = {isa = PBXFileReference; lastKnownFileType = sourcecode.swift; path = RecurringCard.swift; sourceTree = "<group>"; };
		443443C6EEDFDF525F2487BE /* WorthView.swift */ = {isa = PBXFileReference; lastKnownFileType = sourcecode.swift; path = WorthView.swift; sourceTree = "<group>"; };
		4458A9E28C360553F6FF40A7 /* RoutingTests.swift */ = {isa = PBXFileReference; lastKnownFileType = sourcecode.swift; path = RoutingTests.swift; sourceTree = "<group>"; };
		46A622BC18E15CB82AA11A76 /* DataImportDialog.swift */ = {isa = PBXFileReference; lastKnownFileType = sourcecode.swift; path = DataImportDialog.swift; sourceTree = "<group>"; };
		48B0B5D6C0E064C559ED1CF2 /* CategoryTransactionsView.swift */ = {isa = PBXFileReference; lastKnownFileType = sourcecode.swift; path = CategoryTransactionsView.swift; sourceTree = "<group>"; };
		4A98DC9BE2B7642524497EC0 /* Glow.swift */ = {isa = PBXFileReference; lastKnownFileType = sourcecode.swift; path = Glow.swift; sourceTree = "<group>"; };
		4E914AC86A596DC97136FF9E /* AddFormPresenter.swift */ = {isa = PBXFileReference; lastKnownFileType = sourcecode.swift; path = AddFormPresenter.swift; sourceTree = "<group>"; };
		5177241A386AE7A9E235D4AD /* AppLock.swift */ = {isa = PBXFileReference; lastKnownFileType = sourcecode.swift; path = AppLock.swift; sourceTree = "<group>"; };
		51ADA0B74BB5F802C9C663C8 /* HomeMonthPanel.swift */ = {isa = PBXFileReference; lastKnownFileType = sourcecode.swift; path = HomeMonthPanel.swift; sourceTree = "<group>"; };
		55D5F50F2340127241F06169 /* Theme.swift */ = {isa = PBXFileReference; lastKnownFileType = sourcecode.swift; path = Theme.swift; sourceTree = "<group>"; };
		56CC2E13F2374B8367D6EB80 /* RecurringUITests.swift */ = {isa = PBXFileReference; lastKnownFileType = sourcecode.swift; path = RecurringUITests.swift; sourceTree = "<group>"; };
		57856BC03CA1E8608F52F3D0 /* InsightCard.swift */ = {isa = PBXFileReference; lastKnownFileType = sourcecode.swift; path = InsightCard.swift; sourceTree = "<group>"; };
		57A8EBB3AF2B4CB200A4B44C /* TransactionFormView.swift */ = {isa = PBXFileReference; lastKnownFileType = sourcecode.swift; path = TransactionFormView.swift; sourceTree = "<group>"; };
		58876583DBD69473AF4D7388 /* SpendPaletteTests.swift */ = {isa = PBXFileReference; lastKnownFileType = sourcecode.swift; path = SpendPaletteTests.swift; sourceTree = "<group>"; };
		5A0807866638A207419BDBB4 /* Gabarito-Medium.ttf */ = {isa = PBXFileReference; lastKnownFileType = file; path = "Gabarito-Medium.ttf"; sourceTree = "<group>"; };
		5FF752244F61B1DE2509918D /* DayPickerDateTests.swift */ = {isa = PBXFileReference; lastKnownFileType = sourcecode.swift; path = DayPickerDateTests.swift; sourceTree = "<group>"; };
		60A226D2ABA030175D1E550B /* WorthGrowthChart.swift */ = {isa = PBXFileReference; lastKnownFileType = sourcecode.swift; path = WorthGrowthChart.swift; sourceTree = "<group>"; };
		6374B750C512A64B33B98F8C /* AccountHistoryParts.swift */ = {isa = PBXFileReference; lastKnownFileType = sourcecode.swift; path = AccountHistoryParts.swift; sourceTree = "<group>"; };
		6462237A82B43EB73DD31CEB /* Assets.xcassets */ = {isa = PBXFileReference; lastKnownFileType = folder.assetcatalog; path = Assets.xcassets; sourceTree = "<group>"; };
		6683EC36749C15D7C77A49B2 /* AllocationDialog.swift */ = {isa = PBXFileReference; lastKnownFileType = sourcecode.swift; path = AllocationDialog.swift; sourceTree = "<group>"; };
		696727C7D65FFD344214C039 /* RecurringView.swift */ = {isa = PBXFileReference; lastKnownFileType = sourcecode.swift; path = RecurringView.swift; sourceTree = "<group>"; };
		6A46CEDEB2213F49AA7A4A0E /* AccountEditorDialog.swift */ = {isa = PBXFileReference; lastKnownFileType = sourcecode.swift; path = AccountEditorDialog.swift; sourceTree = "<group>"; };
		6B2B3CA4D2ADC1BBBBA64532 /* SafeToSpendSheet.swift */ = {isa = PBXFileReference; lastKnownFileType = sourcecode.swift; path = SafeToSpendSheet.swift; sourceTree = "<group>"; };
		6D9EBB466D4272F48F68DC73 /* TrendCard.swift */ = {isa = PBXFileReference; lastKnownFileType = sourcecode.swift; path = TrendCard.swift; sourceTree = "<group>"; };
		6FB0B4F7B497DD7C0697DC03 /* Budgie.entitlements */ = {isa = PBXFileReference; lastKnownFileType = text.plist.entitlements; path = Budgie.entitlements; sourceTree = "<group>"; };
		706B0B604B43DD43AB07DA98 /* Pills.swift */ = {isa = PBXFileReference; lastKnownFileType = sourcecode.swift; path = Pills.swift; sourceTree = "<group>"; };
		7BC61ABBB0C4A64D43AC2FB2 /* CelebrationOverlay.swift */ = {isa = PBXFileReference; lastKnownFileType = sourcecode.swift; path = CelebrationOverlay.swift; sourceTree = "<group>"; };
		800FA2FCB6FBC4E3D3E72E06 /* TextLineHeightTests.swift */ = {isa = PBXFileReference; lastKnownFileType = sourcecode.swift; path = TextLineHeightTests.swift; sourceTree = "<group>"; };
		84B3671771B9C0DC8DD24724 /* FlowSheets.swift */ = {isa = PBXFileReference; lastKnownFileType = sourcecode.swift; path = FlowSheets.swift; sourceTree = "<group>"; };
		85A7F03EBB3F2E8A5DBEAEF3 /* CategoryRows.swift */ = {isa = PBXFileReference; lastKnownFileType = sourcecode.swift; path = CategoryRows.swift; sourceTree = "<group>"; };
		8A2361C4CBE554BE461CBC3D /* BudgetWidgets.swift */ = {isa = PBXFileReference; lastKnownFileType = sourcecode.swift; path = BudgetWidgets.swift; sourceTree = "<group>"; };
		8BBD70AF06C9C13FFE5A573C /* Headers.swift */ = {isa = PBXFileReference; lastKnownFileType = sourcecode.swift; path = Headers.swift; sourceTree = "<group>"; };
		8D446321DA383AD1E6B29197 /* GoalForm.swift */ = {isa = PBXFileReference; lastKnownFileType = sourcecode.swift; path = GoalForm.swift; sourceTree = "<group>"; };
		8EEBFF6A3864E8DA7A0385E9 /* MVPFlowUITests.swift */ = {isa = PBXFileReference; lastKnownFileType = sourcecode.swift; path = MVPFlowUITests.swift; sourceTree = "<group>"; };
		90C357B65E15C391D2624D5F /* CategoriesView.swift */ = {isa = PBXFileReference; lastKnownFileType = sourcecode.swift; path = CategoriesView.swift; sourceTree = "<group>"; };
		91CC962E50A36F957F4DD544 /* OFL-Gabarito.txt */ = {isa = PBXFileReference; lastKnownFileType = text; path = "OFL-Gabarito.txt"; sourceTree = "<group>"; };
		95305E260118DBE605359800 /* BudgetWidgetsExtension.appex */ = {isa = PBXFileReference; includeInIndex = 0; lastKnownFileType = "wrapper.app-extension"; path = BudgetWidgetsExtension.appex; sourceTree = BUILT_PRODUCTS_DIR; };
		98832354F506137CEF66DFC4 /* SplineSansMono-Regular.ttf */ = {isa = PBXFileReference; lastKnownFileType = file; path = "SplineSansMono-Regular.ttf"; sourceTree = "<group>"; };
		9A804175EF827E605273D950 /* CategoryModelTests.swift */ = {isa = PBXFileReference; lastKnownFileType = sourcecode.swift; path = CategoryModelTests.swift; sourceTree = "<group>"; };
		9BBE2F4BB26B18F1B815C284 /* DiagnosticsView.swift */ = {isa = PBXFileReference; lastKnownFileType = sourcecode.swift; path = DiagnosticsView.swift; sourceTree = "<group>"; };
		9C21DAB29DB3416D2D18C2B8 /* Info.plist */ = {isa = PBXFileReference; lastKnownFileType = text.plist; path = Info.plist; sourceTree = "<group>"; };
		9DDE63388353596BAFA764E9 /* Gabarito-Regular.ttf */ = {isa = PBXFileReference; lastKnownFileType = file; path = "Gabarito-Regular.ttf"; sourceTree = "<group>"; };
		9E758855687C3C7914C62089 /* SettingsView.swift */ = {isa = PBXFileReference; lastKnownFileType = sourcecode.swift; path = SettingsView.swift; sourceTree = "<group>"; };
		9F3C216CCEAB63E8F1DC75E1 /* SpringBoardProbe.swift */ = {isa = PBXFileReference; lastKnownFileType = sourcecode.swift; path = SpringBoardProbe.swift; sourceTree = "<group>"; };
		9F8AD1A2FD9AF25D2A624BFB /* GoalsUITests.swift */ = {isa = PBXFileReference; lastKnownFileType = sourcecode.swift; path = GoalsUITests.swift; sourceTree = "<group>"; };
		A181F647811D2BC5C22C6D1C /* SettingsChoiceSheet.swift */ = {isa = PBXFileReference; lastKnownFileType = sourcecode.swift; path = SettingsChoiceSheet.swift; sourceTree = "<group>"; };
		A3081364DE33D9B77DE19520 /* RecurringOnboardingModelTests.swift */ = {isa = PBXFileReference; lastKnownFileType = sourcecode.swift; path = RecurringOnboardingModelTests.swift; sourceTree = "<group>"; };
		A3B27A4D4782E48269084A57 /* TransactionsView.swift */ = {isa = PBXFileReference; lastKnownFileType = sourcecode.swift; path = TransactionsView.swift; sourceTree = "<group>"; };
		A47E1740CF8EF748E64F594A /* BudgieUITests.xctest */ = {isa = PBXFileReference; includeInIndex = 0; lastKnownFileType = wrapper.cfbundle; path = BudgieUITests.xctest; sourceTree = BUILT_PRODUCTS_DIR; };
		A4ACB3F3FD965A3ADF042E88 /* Metrics.swift */ = {isa = PBXFileReference; lastKnownFileType = sourcecode.swift; path = Metrics.swift; sourceTree = "<group>"; };
		A68B7F4E5776878A1B4E5DF5 /* BudgetLimitSheet.swift */ = {isa = PBXFileReference; lastKnownFileType = sourcecode.swift; path = BudgetLimitSheet.swift; sourceTree = "<group>"; };
		A6A7F9FE5703AC6B03F66BC2 /* FlowTransactionsView.swift */ = {isa = PBXFileReference; lastKnownFileType = sourcecode.swift; path = FlowTransactionsView.swift; sourceTree = "<group>"; };
		A7C7FD591C40F5FE192B6FDF /* DesignGalleryView.swift */ = {isa = PBXFileReference; lastKnownFileType = sourcecode.swift; path = DesignGalleryView.swift; sourceTree = "<group>"; };
		AC8BD160059B70E88B177161 /* TransactionFormValidationTests.swift */ = {isa = PBXFileReference; lastKnownFileType = sourcecode.swift; path = TransactionFormValidationTests.swift; sourceTree = "<group>"; };
		AF2C15333DB4B53CEC061C60 /* CategoriesUITests.swift */ = {isa = PBXFileReference; lastKnownFileType = sourcecode.swift; path = CategoriesUITests.swift; sourceTree = "<group>"; };
		B252B4E7CB90F0EE19AF2304 /* Gabarito-SemiBold.ttf */ = {isa = PBXFileReference; lastKnownFileType = file; path = "Gabarito-SemiBold.ttf"; sourceTree = "<group>"; };
		B26060D2DC9FBC934F4E5A81 /* RehearsalSummary.swift */ = {isa = PBXFileReference; lastKnownFileType = sourcecode.swift; path = RehearsalSummary.swift; sourceTree = "<group>"; };
		B27CE2454178753AB2F698B0 /* BudgieAppTests.xctest */ = {isa = PBXFileReference; includeInIndex = 0; lastKnownFileType = wrapper.cfbundle; path = BudgieAppTests.xctest; sourceTree = BUILT_PRODUCTS_DIR; };
		B45D2D35234B7CCA0BF312F3 /* Assets.xcassets */ = {isa = PBXFileReference; lastKnownFileType = folder.assetcatalog; path = Assets.xcassets; sourceTree = "<group>"; };
		B580B965259798CC484798A5 /* BudgetWidgetsBundle.swift */ = {isa = PBXFileReference; lastKnownFileType = sourcecode.swift; path = BudgetWidgetsBundle.swift; sourceTree = "<group>"; };
		B90721EC861BCA0309EBE86D /* SettingsRows.swift */ = {isa = PBXFileReference; lastKnownFileType = sourcecode.swift; path = SettingsRows.swift; sourceTree = "<group>"; };
		B9EF96C400C5C936130FDC54 /* DataTransferModelTests.swift */ = {isa = PBXFileReference; lastKnownFileType = sourcecode.swift; path = DataTransferModelTests.swift; sourceTree = "<group>"; };
		BA5BEE45B350EE7D82AA1717 /* HomeView.swift */ = {isa = PBXFileReference; lastKnownFileType = sourcecode.swift; path = HomeView.swift; sourceTree = "<group>"; };
		BB1C875B09356D4582C3026F /* GlowFab.swift */ = {isa = PBXFileReference; lastKnownFileType = sourcecode.swift; path = GlowFab.swift; sourceTree = "<group>"; };
		BC9A6C45595FA738A4CA3C83 /* RuleEditorDialog.swift */ = {isa = PBXFileReference; lastKnownFileType = sourcecode.swift; path = RuleEditorDialog.swift; sourceTree = "<group>"; };
		C220A1E54BB67BBBA14FCB8E /* Info.plist */ = {isa = PBXFileReference; lastKnownFileType = text.plist; path = Info.plist; sourceTree = "<group>"; };
		C619DD485C5001334ED29F30 /* OnboardingCopyTests.swift */ = {isa = PBXFileReference; lastKnownFileType = sourcecode.swift; path = OnboardingCopyTests.swift; sourceTree = "<group>"; };
		C75D0A19BC434821835CCF5C /* CategoryRowMenuTests.swift */ = {isa = PBXFileReference; lastKnownFileType = sourcecode.swift; path = CategoryRowMenuTests.swift; sourceTree = "<group>"; };
		C79F27E51B0E62243A661E93 /* WorthAccounts.swift */ = {isa = PBXFileReference; lastKnownFileType = sourcecode.swift; path = WorthAccounts.swift; sourceTree = "<group>"; };
		CA16D9B49C027ECF594E0A98 /* OnboardingView.swift */ = {isa = PBXFileReference; lastKnownFileType = sourcecode.swift; path = OnboardingView.swift; sourceTree = "<group>"; };
		D0BDFB9B0442602196E25DA6 /* Toast.swift */ = {isa = PBXFileReference; lastKnownFileType = sourcecode.swift; path = Toast.swift; sourceTree = "<group>"; };
		D56928DBFB23A84635CC482B /* RecurringFormView.swift */ = {isa = PBXFileReference; lastKnownFileType = sourcecode.swift; path = RecurringFormView.swift; sourceTree = "<group>"; };
		D82B39926BC8858254C52100 /* InsightsUITests.swift */ = {isa = PBXFileReference; lastKnownFileType = sourcecode.swift; path = InsightsUITests.swift; sourceTree = "<group>"; };
		D995A7E368330A846DC5324C /* CSVImportUITests.swift */ = {isa = PBXFileReference; lastKnownFileType = sourcecode.swift; path = CSVImportUITests.swift; sourceTree = "<group>"; };
		D9CF826AA81D428AADF1FB75 /* BackupUITests.swift */ = {isa = PBXFileReference; lastKnownFileType = sourcecode.swift; path = BackupUITests.swift; sourceTree = "<group>"; };
		DB3E7017FDAA6228AFB3AE3C /* SplineSansMono-SemiBold.ttf */ = {isa = PBXFileReference; lastKnownFileType = file; path = "SplineSansMono-SemiBold.ttf"; sourceTree = "<group>"; };
		DB963B463EA9B6FA04CB9A46 /* ToastHost.swift */ = {isa = PBXFileReference; lastKnownFileType = sourcecode.swift; path = ToastHost.swift; sourceTree = "<group>"; };
		DBBE5D912C19A6258BE48F99 /* RootView.swift */ = {isa = PBXFileReference; lastKnownFileType = sourcecode.swift; path = RootView.swift; sourceTree = "<group>"; };
		DC2520D7EA4306F24110F195 /* GoalCard.swift */ = {isa = PBXFileReference; lastKnownFileType = sourcecode.swift; path = GoalCard.swift; sourceTree = "<group>"; };
		DC281C7ED6BA5AFCAAEF93D5 /* Motion.swift */ = {isa = PBXFileReference; lastKnownFileType = sourcecode.swift; path = Motion.swift; sourceTree = "<group>"; };
		DD1BD3FF7630DD52CEE62937 /* UITestSupport.swift */ = {isa = PBXFileReference; lastKnownFileType = sourcecode.swift; path = UITestSupport.swift; sourceTree = "<group>"; };
		DE53DE5AD70779A34E32BD53 /* AppModel.swift */ = {isa = PBXFileReference; lastKnownFileType = sourcecode.swift; path = AppModel.swift; sourceTree = "<group>"; };
		E3C39A24DE28EC428B953C06 /* MonthStrip.swift */ = {isa = PBXFileReference; lastKnownFileType = sourcecode.swift; path = MonthStrip.swift; sourceTree = "<group>"; };
		E614E98AA4679E53569F42A4 /* YearOverYearCard.swift */ = {isa = PBXFileReference; lastKnownFileType = sourcecode.swift; path = YearOverYearCard.swift; sourceTree = "<group>"; };
		E69FAA56FB03F2975E37E1D4 /* SplineSansMono-Medium.ttf */ = {isa = PBXFileReference; lastKnownFileType = file; path = "SplineSansMono-Medium.ttf"; sourceTree = "<group>"; };
		E732E2D9D8661DE2A3D35729 /* AmountInput.swift */ = {isa = PBXFileReference; lastKnownFileType = sourcecode.swift; path = AmountInput.swift; sourceTree = "<group>"; };
		EAFA90BE0220F078585F963B /* TagsRulesView.swift */ = {isa = PBXFileReference; lastKnownFileType = sourcecode.swift; path = TagsRulesView.swift; sourceTree = "<group>"; };
		EB6AFCF97303B1CC30CF62C5 /* SpringBoardProbe.xctest */ = {isa = PBXFileReference; includeInIndex = 0; lastKnownFileType = wrapper.cfbundle; path = SpringBoardProbe.xctest; sourceTree = BUILT_PRODUCTS_DIR; };
		EDDA82B10D34CBA6ED21C4CA /* AccountEditorInputTests.swift */ = {isa = PBXFileReference; lastKnownFileType = sourcecode.swift; path = AccountEditorInputTests.swift; sourceTree = "<group>"; };
		EEECB109BAD3F282232EAC05 /* AmountInputTests.swift */ = {isa = PBXFileReference; lastKnownFileType = sourcecode.swift; path = AmountInputTests.swift; sourceTree = "<group>"; };
		F03EDCD39307BAAD3D94A78F /* Fields.swift */ = {isa = PBXFileReference; lastKnownFileType = sourcecode.swift; path = Fields.swift; sourceTree = "<group>"; };
		F28A98176EFC962CA89B719C /* OnboardingUITests.swift */ = {isa = PBXFileReference; lastKnownFileType = sourcecode.swift; path = OnboardingUITests.swift; sourceTree = "<group>"; };
		F311E0C1EEAE984A312B2AFD /* Chrome.swift */ = {isa = PBXFileReference; lastKnownFileType = sourcecode.swift; path = Chrome.swift; sourceTree = "<group>"; };
		F398A47C7525A397743A430C /* QuickExpenseSheet.swift */ = {isa = PBXFileReference; lastKnownFileType = sourcecode.swift; path = QuickExpenseSheet.swift; sourceTree = "<group>"; };
		F6490075274592AC5E0C6D3B /* BudgieApp.swift */ = {isa = PBXFileReference; lastKnownFileType = sourcecode.swift; path = BudgieApp.swift; sourceTree = "<group>"; };
		F75251F37466F9FEAEBF3294 /* BudgetsSection.swift */ = {isa = PBXFileReference; lastKnownFileType = sourcecode.swift; path = BudgetsSection.swift; sourceTree = "<group>"; };
		F8576F10D7E1C1D7C72E312B /* ShareSheet.swift */ = {isa = PBXFileReference; lastKnownFileType = sourcecode.swift; path = ShareSheet.swift; sourceTree = "<group>"; };
		FBE125D1B288D8EDAC940049 /* SpendMonthSheet.swift */ = {isa = PBXFileReference; lastKnownFileType = sourcecode.swift; path = SpendMonthSheet.swift; sourceTree = "<group>"; };
		FBF992CF11791368E3AEC7EC /* WorthUITests.swift */ = {isa = PBXFileReference; lastKnownFileType = sourcecode.swift; path = WorthUITests.swift; sourceTree = "<group>"; };
		FDF2F936CC7D305389BBED49 /* FontTests.swift */ = {isa = PBXFileReference; lastKnownFileType = sourcecode.swift; path = FontTests.swift; sourceTree = "<group>"; };
/* End PBXFileReference section */

/* Begin PBXFrameworksBuildPhase section */
		88CDBBA88D3C75CDD526E942 /* Frameworks */ = {
			isa = PBXFrameworksBuildPhase;
			buildActionMask = 2147483647;
			files = (
				281973279A82457BDE68EAD0 /* BudgieCore in Frameworks */,
			);
			runOnlyForDeploymentPostprocessing = 0;
		};
/* End PBXFrameworksBuildPhase section */

/* Begin PBXGroup section */
		0E73655C9F5727E62CC36F88 /* BudgieAppTests */ = {
			isa = PBXGroup;
			children = (
				EDDA82B10D34CBA6ED21C4CA /* AccountEditorInputTests.swift */,
				EEECB109BAD3F282232EAC05 /* AmountInputTests.swift */,
				9A804175EF827E605273D950 /* CategoryModelTests.swift */,
				C75D0A19BC434821835CCF5C /* CategoryRowMenuTests.swift */,
				B9EF96C400C5C936130FDC54 /* DataTransferModelTests.swift */,
				5FF752244F61B1DE2509918D /* DayPickerDateTests.swift */,
				FDF2F936CC7D305389BBED49 /* FontTests.swift */,
				3A3CBB30FA5FA8D668A04157 /* InsightModelTests.swift */,
				C619DD485C5001334ED29F30 /* OnboardingCopyTests.swift */,
				A3081364DE33D9B77DE19520 /* RecurringOnboardingModelTests.swift */,
				4458A9E28C360553F6FF40A7 /* RoutingTests.swift */,
				16875E9FA30EEEA296CE7D33 /* SelectedMonthTests.swift */,
				58876583DBD69473AF4D7388 /* SpendPaletteTests.swift */,
				2238E110E1ADF849421F8C77 /* TagRuleModelTests.swift */,
				800FA2FCB6FBC4E3D3E72E06 /* TextLineHeightTests.swift */,
				31D535FCA57003E013F50CD1 /* ToastTests.swift */,
				AC8BD160059B70E88B177161 /* TransactionFormValidationTests.swift */,
			);
			path = BudgieAppTests;
			sourceTree = "<group>";
		};
		12BA3467E8BAFE73FE9781F5 /* Packages */ = {
			isa = PBXGroup;
			children = (
				0BD33E49D26968C2B1B81588 /* BudgieCore */,
			);
			name = Packages;
			sourceTree = "<group>";
		};
		1EC690ECEE653D7A2C642B5C /* Budgie */ = {
			isa = PBXGroup;
			children = (
				6FB0B4F7B497DD7C0697DC03 /* Budgie.entitlements */,
				C220A1E54BB67BBBA14FCB8E /* Info.plist */,
				3CD6A363414638889F7507A8 /* App */,
				FF57D4A315C9B882E3C30DBD /* Debug */,
				800048EC9D716FB064F51AC7 /* DesignSystem */,
				C95CA22DD745D62FD724FF27 /* Resources */,
				C6F8E3EA2E4EE87E1C748F6E /* Views */,
			);
			path = Budgie;
			sourceTree = "<group>";
		};
		3AF96E679407416D249E985D /* Fonts */ = {
			isa = PBXGroup;
			children = (
				213457AB69A67DF35F652E73 /* Gabarito-Bold.ttf */,
				26BB2E615765EF1D846843C2 /* Gabarito-ExtraBold.ttf */,
				5A0807866638A207419BDBB4 /* Gabarito-Medium.ttf */,
				9DDE63388353596BAFA764E9 /* Gabarito-Regular.ttf */,
				B252B4E7CB90F0EE19AF2304 /* Gabarito-SemiBold.ttf */,
				91CC962E50A36F957F4DD544 /* OFL-Gabarito.txt */,
				30903279E7AD171EFDE4B3AB /* OFL-SplineSansMono.txt */,
				E69FAA56FB03F2975E37E1D4 /* SplineSansMono-Medium.ttf */,
				98832354F506137CEF66DFC4 /* SplineSansMono-Regular.ttf */,
				DB3E7017FDAA6228AFB3AE3C /* SplineSansMono-SemiBold.ttf */,
			);
			path = Fonts;
			sourceTree = "<group>";
		};
		3CD6A363414638889F7507A8 /* App */ = {
			isa = PBXGroup;
			children = (
				DE53DE5AD70779A34E32BD53 /* AppModel.swift */,
				F6490075274592AC5E0C6D3B /* BudgieApp.swift */,
				423B124988FC6629658BB700 /* ProtectedDataMonitor.swift */,
				B26060D2DC9FBC934F4E5A81 /* RehearsalSummary.swift */,
				D0BDFB9B0442602196E25DA6 /* Toast.swift */,
			);
			path = App;
			sourceTree = "<group>";
		};
		3D025C807F45FB00FB783484 /* BudgieUITests */ = {
			isa = PBXGroup;
			children = (
				D9CF826AA81D428AADF1FB75 /* BackupUITests.swift */,
				AF2C15333DB4B53CEC061C60 /* CategoriesUITests.swift */,
				D995A7E368330A846DC5324C /* CSVImportUITests.swift */,
				9F8AD1A2FD9AF25D2A624BFB /* GoalsUITests.swift */,
				D82B39926BC8858254C52100 /* InsightsUITests.swift */,
				8EEBFF6A3864E8DA7A0385E9 /* MVPFlowUITests.swift */,
				F28A98176EFC962CA89B719C /* OnboardingUITests.swift */,
				56CC2E13F2374B8367D6EB80 /* RecurringUITests.swift */,
				3931D9B56E17B4B8A9050D56 /* RouteOverPresentationUITests.swift */,
				3580137DBE6288651C5807B3 /* SystemIntegrationUITests.swift */,
				0DB6C149EE701AF5EB0C1858 /* TabsUITests.swift */,
				23D9B19C20CF2374DFDE0E03 /* TagsRulesUITests.swift */,
				DD1BD3FF7630DD52CEE62937 /* UITestSupport.swift */,
				FBF992CF11791368E3AEC7EC /* WorthUITests.swift */,
			);
			path = BudgieUITests;
			sourceTree = "<group>";
		};
		514EFB27FD7334874C93272C /* Home */ = {
			isa = PBXGroup;
			children = (
				A68B7F4E5776878A1B4E5DF5 /* BudgetLimitSheet.swift */,
				F75251F37466F9FEAEBF3294 /* BudgetsSection.swift */,
				21D98BE7CAA32047DC8ED7BB /* HomeHero.swift */,
				51ADA0B74BB5F802C9C663C8 /* HomeMonthPanel.swift */,
				BA5BEE45B350EE7D82AA1717 /* HomeView.swift */,
				F398A47C7525A397743A430C /* QuickExpenseSheet.swift */,
				6B2B3CA4D2ADC1BBBBA64532 /* SafeToSpendSheet.swift */,
				A3B27A4D4782E48269084A57 /* TransactionsView.swift */,
			);
			path = Home;
			sourceTree = "<group>";
		};
		6282738460DC7C39E945DA80 /* Goals */ = {
			isa = PBXGroup;
			children = (
				6683EC36749C15D7C77A49B2 /* AllocationDialog.swift */,
				7BC61ABBB0C4A64D43AC2FB2 /* CelebrationOverlay.swift */,
				11ADA577B45D605D5B1BFC63 /* GoalActions.swift */,
				DC2520D7EA4306F24110F195 /* GoalCard.swift */,
				8D446321DA383AD1E6B29197 /* GoalForm.swift */,
				21E66291B8433CB5179F0E37 /* GoalsView.swift */,
			);
			path = Goals;
			sourceTree = "<group>";
		};
		6B473A6B3E51F4F4576EAACA /* Typography */ = {
			isa = PBXGroup;
			children = (
				05C1B7F8DAB0F15009E0A853 /* Fonts.swift */,
				0C99D0A6C29A6319DA1FBF36 /* TextStyles.swift */,
			);
			path = Typography;
			sourceTree = "<group>";
		};
		800048EC9D716FB064F51AC7 /* DesignSystem */ = {
			isa = PBXGroup;
			children = (
				E732E2D9D8661DE2A3D35729 /* AmountInput.swift */,
				869D3349A200725C82C01C75 /* Components */,
				A34E93AB34FAD86F3702112A /* Tokens */,
				6B473A6B3E51F4F4576EAACA /* Typography */,
			);
			path = DesignSystem;
			sourceTree = "<group>";
		};
		869D3349A200725C82C01C75 /* Components */ = {
			isa = PBXGroup;
			children = (
				36BD27819DF0A258524F0996 /* Cards.swift */,
				F311E0C1EEAE984A312B2AFD /* Chrome.swift */,
				F03EDCD39307BAAD3D94A78F /* Fields.swift */,
				BB1C875B09356D4582C3026F /* GlowFab.swift */,
				8BBD70AF06C9C13FFE5A573C /* Headers.swift */,
				E3C39A24DE28EC428B953C06 /* MonthStrip.swift */,
				706B0B604B43DD43AB07DA98 /* Pills.swift */,
				350D625134954C5DEC15E069 /* Progress.swift */,
				DB963B463EA9B6FA04CB9A46 /* ToastHost.swift */,
			);
			path = Components;
			sourceTree = "<group>";
		};
		8A60D3B8543A761CABADCFF1 /* SpringBoardProbe */ = {
			isa = PBXGroup;
			children = (
				9F3C216CCEAB63E8F1DC75E1 /* SpringBoardProbe.swift */,
			);
			path = SpringBoardProbe;
			sourceTree = "<group>";
		};
		99C771D6711144FC998317F8 /* Worth */ = {
			isa = PBXGroup;
			children = (
				6A46CEDEB2213F49AA7A4A0E /* AccountEditorDialog.swift */,
				6374B750C512A64B33B98F8C /* AccountHistoryParts.swift */,
				3140229293B68DC80B29695D /* AccountHistoryView.swift */,
				C79F27E51B0E62243A661E93 /* WorthAccounts.swift */,
				60A226D2ABA030175D1E550B /* WorthGrowthChart.swift */,
				443443C6EEDFDF525F2487BE /* WorthView.swift */,
			);
			path = Worth;
			sourceTree = "<group>";
		};
		9E50017C512F975C241689FA /* Recurring */ = {
			isa = PBXGroup;
			children = (
				442A86559DFA4DFACD8630F3 /* RecurringCard.swift */,
				D56928DBFB23A84635CC482B /* RecurringFormView.swift */,
				696727C7D65FFD344214C039 /* RecurringView.swift */,
			);
			path = Recurring;
			sourceTree = "<group>";
		};
		A1AD42B95D245F5534D0A257 /* Products */ = {
			isa = PBXGroup;
			children = (
				95305E260118DBE605359800 /* BudgetWidgetsExtension.appex */,
				0A12631956871BA18AFA9044 /* Budgie.app */,
				B27CE2454178753AB2F698B0 /* BudgieAppTests.xctest */,
				A47E1740CF8EF748E64F594A /* BudgieUITests.xctest */,
				EB6AFCF97303B1CC30CF62C5 /* SpringBoardProbe.xctest */,
			);
			name = Products;
			sourceTree = "<group>";
		};
		A34E93AB34FAD86F3702112A /* Tokens */ = {
			isa = PBXGroup;
			children = (
				37D39DC37012306B07E6140E /* Colors.swift */,
				4A98DC9BE2B7642524497EC0 /* Glow.swift */,
				A4ACB3F3FD965A3ADF042E88 /* Metrics.swift */,
				DC281C7ED6BA5AFCAAEF93D5 /* Motion.swift */,
			);
			path = Tokens;
			sourceTree = "<group>";
		};
		BCA3A59C8AB277DAF58C62C8 /* Flow */ = {
			isa = PBXGroup;
			children = (
				84B3671771B9C0DC8DD24724 /* FlowSheets.swift */,
				A6A7F9FE5703AC6B03F66BC2 /* FlowTransactionsView.swift */,
				2DF1B6BD45CD3611914BF395 /* FlowView.swift */,
				57856BC03CA1E8608F52F3D0 /* InsightCard.swift */,
				3E844E933EE38F40FCF2098F /* NetCashFlowCard.swift */,
				34255F0F90CB1FC435B72B63 /* TransactionsPreviewCard.swift */,
				6D9EBB466D4272F48F68DC73 /* TrendCard.swift */,
				E614E98AA4679E53569F42A4 /* YearOverYearCard.swift */,
			);
			path = Flow;
			sourceTree = "<group>";
		};
		C6F8E3EA2E4EE87E1C748F6E /* Views */ = {
			isa = PBXGroup;
			children = (
				4E914AC86A596DC97136FF9E /* AddFormPresenter.swift */,
				5177241A386AE7A9E235D4AD /* AppLock.swift */,
				9BBE2F4BB26B18F1B815C284 /* DiagnosticsView.swift */,
				30909C3F10B6B69B9FE7DE2C /* MainView.swift */,
				CA16D9B49C027ECF594E0A98 /* OnboardingView.swift */,
				1C1C12C3082F408F35ED722A /* OpeningView.swift */,
				DBBE5D912C19A6258BE48F99 /* RootView.swift */,
				9E758855687C3C7914C62089 /* SettingsView.swift */,
				55D5F50F2340127241F06169 /* Theme.swift */,
				57A8EBB3AF2B4CB200A4B44C /* TransactionFormView.swift */,
				BCA3A59C8AB277DAF58C62C8 /* Flow */,
				6282738460DC7C39E945DA80 /* Goals */,
				514EFB27FD7334874C93272C /* Home */,
				9E50017C512F975C241689FA /* Recurring */,
				FE5100C54D7940ADA83FE021 /* Settings */,
				E48FC3D0C4D8FB9DE65C56FD /* Spend */,
				99C771D6711144FC998317F8 /* Worth */,
			);
			path = Views;
			sourceTree = "<group>";
		};
		C95CA22DD745D62FD724FF27 /* Resources */ = {
			isa = PBXGroup;
			children = (
				B45D2D35234B7CCA0BF312F3 /* Assets.xcassets */,
				16D8FDD0639384F06528D40C /* PrivacyInfo.xcprivacy */,
				3AF96E679407416D249E985D /* Fonts */,
			);
			path = Resources;
			sourceTree = "<group>";
		};
		E48FC3D0C4D8FB9DE65C56FD /* Spend */ = {
			isa = PBXGroup;
			children = (
				85A7F03EBB3F2E8A5DBEAEF3 /* CategoryRows.swift */,
				48B0B5D6C0E064C559ED1CF2 /* CategoryTransactionsView.swift */,
				345A926E74D4C24BFC4677CE /* DonutChart.swift */,
				FBE125D1B288D8EDAC940049 /* SpendMonthSheet.swift */,
				00ECF37EA2E6079B4908AC93 /* SpendView.swift */,
			);
			path = Spend;
			sourceTree = "<group>";
		};
		EDEE5D681134A7D04A01E49B = {
			isa = PBXGroup;
			children = (
				F229E154C4E15B49B104F1FE /* BudgetWidgets */,
				1EC690ECEE653D7A2C642B5C /* Budgie */,
				0E73655C9F5727E62CC36F88 /* BudgieAppTests */,
				3D025C807F45FB00FB783484 /* BudgieUITests */,
				12BA3467E8BAFE73FE9781F5 /* Packages */,
				8A60D3B8543A761CABADCFF1 /* SpringBoardProbe */,
				A1AD42B95D245F5534D0A257 /* Products */,
			);
			sourceTree = "<group>";
		};
		F229E154C4E15B49B104F1FE /* BudgetWidgets */ = {
			isa = PBXGroup;
			children = (
				6462237A82B43EB73DD31CEB /* Assets.xcassets */,
				31BFEBF0FCFDE676131B233F /* BudgetWidgets.entitlements */,
				8A2361C4CBE554BE461CBC3D /* BudgetWidgets.swift */,
				B580B965259798CC484798A5 /* BudgetWidgetsBundle.swift */,
				9C21DAB29DB3416D2D18C2B8 /* Info.plist */,
			);
			path = BudgetWidgets;
			sourceTree = "<group>";
		};
		FE5100C54D7940ADA83FE021 /* Settings */ = {
			isa = PBXGroup;
			children = (
				90C357B65E15C391D2624D5F /* CategoriesView.swift */,
				0D22440608D90E7913B9F8BE /* CategoryEditorDialog.swift */,
				46A622BC18E15CB82AA11A76 /* DataImportDialog.swift */,
				0675028D226C1972E3D145CE /* LicencesView.swift */,
				BC9A6C45595FA738A4CA3C83 /* RuleEditorDialog.swift */,
				A181F647811D2BC5C22C6D1C /* SettingsChoiceSheet.swift */,
				B90721EC861BCA0309EBE86D /* SettingsRows.swift */,
				F8576F10D7E1C1D7C72E312B /* ShareSheet.swift */,
				3F4B278CBFA76447B29AB89E /* TagDialogs.swift */,
				EAFA90BE0220F078585F963B /* TagsRulesView.swift */,
			);
			path = Settings;
			sourceTree = "<group>";
		};
		FF57D4A315C9B882E3C30DBD /* Debug */ = {
			isa = PBXGroup;
			children = (
				A7C7FD591C40F5FE192B6FDF /* DesignGalleryView.swift */,
			);
			path = Debug;
			sourceTree = "<group>";
		};
/* End PBXGroup section */

/* Begin PBXNativeTarget section */
		5AB03A5A194A6BCC3F4F45A5 /* BudgieUITests */ = {
			isa = PBXNativeTarget;
			buildConfigurationList = F2A377208A6322B5E2571103 /* Build configuration list for PBXNativeTarget "BudgieUITests" */;
			buildPhases = (
				2D80FC4B66B96B3A1EA9E893 /* Sources */,
			);
			buildRules = (
			);
			dependencies = (
				EF10BAAA26A265ABB0764D04 /* PBXTargetDependency */,
			);
			name = BudgieUITests;
			packageProductDependencies = (
			);
			productName = BudgieUITests;
			productReference = A47E1740CF8EF748E64F594A /* BudgieUITests.xctest */;
			productType = "com.apple.product-type.bundle.ui-testing";
		};
		979F2429C802FAFF885BDF8C /* BudgieAppTests */ = {
			isa = PBXNativeTarget;
			buildConfigurationList = DA370F2961F5F75B49C5F35A /* Build configuration list for PBXNativeTarget "BudgieAppTests" */;
			buildPhases = (
				E29DAF8808CC80B938842E3C /* Sources */,
			);
			buildRules = (
			);
			dependencies = (
				872233575D9B745E7A345AD6 /* PBXTargetDependency */,
			);
			name = BudgieAppTests;
			packageProductDependencies = (
			);
			productName = BudgieAppTests;
			productReference = B27CE2454178753AB2F698B0 /* BudgieAppTests.xctest */;
			productType = "com.apple.product-type.bundle.unit-test";
		};
		D89C6551928154644BDAE069 /* Budgie */ = {
			isa = PBXNativeTarget;
			buildConfigurationList = B3A3421D286050624A8243B4 /* Build configuration list for PBXNativeTarget "Budgie" */;
			buildPhases = (
				444DBBFA4B6F2940A45C9CB0 /* Sources */,
				2C167CA8714988387BD9D277 /* Resources */,
				88CDBBA88D3C75CDD526E942 /* Frameworks */,
				9C3BE0E4E023C0D7EE85B9B3 /* Embed Foundation Extensions */,
			);
			buildRules = (
			);
			dependencies = (
				A7CC9CF6601C509743EFEFC8 /* PBXTargetDependency */,
			);
			name = Budgie;
			packageProductDependencies = (
				B54562B75CAA02C6A251ACA7 /* BudgieCore */,
			);
			productName = Budgie;
			productReference = 0A12631956871BA18AFA9044 /* Budgie.app */;
			productType = "com.apple.product-type.application";
		};
		E5A93A25BB0A7E19A213CFE0 /* BudgetWidgetsExtension */ = {
			isa = PBXNativeTarget;
			buildConfigurationList = 4D69558B0ADFD8290EB46C7A /* Build configuration list for PBXNativeTarget "BudgetWidgetsExtension" */;
			buildPhases = (
				8D0010873E61A62F89888AD0 /* Sources */,
				4D51DC953354BE1BF72D3F3F /* Resources */,
			);
			buildRules = (
			);
			dependencies = (
			);
			name = BudgetWidgetsExtension;
			packageProductDependencies = (
			);
			productName = BudgetWidgetsExtension;
			productReference = 95305E260118DBE605359800 /* BudgetWidgetsExtension.appex */;
			productType = "com.apple.product-type.app-extension";
		};
		E8C48CE3903718E9A6F08CCC /* SpringBoardProbe */ = {
			isa = PBXNativeTarget;
			buildConfigurationList = 4F9E2A786FF2FD2351C08C02 /* Build configuration list for PBXNativeTarget "SpringBoardProbe" */;
			buildPhases = (
				63AF8CEDB1181C38FD500430 /* Sources */,
			);
			buildRules = (
			);
			dependencies = (
			);
			name = SpringBoardProbe;
			packageProductDependencies = (
			);
			productName = SpringBoardProbe;
			productReference = EB6AFCF97303B1CC30CF62C5 /* SpringBoardProbe.xctest */;
			productType = "com.apple.product-type.bundle.ui-testing";
		};
/* End PBXNativeTarget section */

/* Begin PBXProject section */
		BE4FAB550D5DAEC3DC332F5C /* Project object */ = {
			isa = PBXProject;
			attributes = {
				BuildIndependentTargetsInParallel = YES;
				LastUpgradeCheck = 1430;
				TargetAttributes = {
					5AB03A5A194A6BCC3F4F45A5 = {
						DevelopmentTeam = TJ37GFZKW2;
						ProvisioningStyle = Automatic;
						TestTargetID = D89C6551928154644BDAE069;
					};
					979F2429C802FAFF885BDF8C = {
						DevelopmentTeam = TJ37GFZKW2;
						ProvisioningStyle = Automatic;
					};
					D89C6551928154644BDAE069 = {
						DevelopmentTeam = TJ37GFZKW2;
						ProvisioningStyle = Automatic;
					};
					E5A93A25BB0A7E19A213CFE0 = {
						DevelopmentTeam = TJ37GFZKW2;
						ProvisioningStyle = Automatic;
					};
					E8C48CE3903718E9A6F08CCC = {
						DevelopmentTeam = TJ37GFZKW2;
						ProvisioningStyle = Automatic;
					};
				};
			};
			buildConfigurationList = FDEC4534EA6EF583EFB41E26 /* Build configuration list for PBXProject "Budgie" */;
			developmentRegion = en;
			hasScannedForEncodings = 0;
			knownRegions = (
				Base,
				en,
			);
			mainGroup = EDEE5D681134A7D04A01E49B;
			minimizedProjectReferenceProxies = 1;
			packageReferences = (
				5775851601948A9C432E025B /* XCLocalSwiftPackageReference "BudgieCore" */,
			);
			preferredProjectObjectVersion = 77;
			productRefGroup = A1AD42B95D245F5534D0A257 /* Products */;
			projectDirPath = "";
			projectRoot = "";
			targets = (
				D89C6551928154644BDAE069 /* Budgie */,
				E5A93A25BB0A7E19A213CFE0 /* BudgetWidgetsExtension */,
				979F2429C802FAFF885BDF8C /* BudgieAppTests */,
				5AB03A5A194A6BCC3F4F45A5 /* BudgieUITests */,
				E8C48CE3903718E9A6F08CCC /* SpringBoardProbe */,
			);
		};
/* End PBXProject section */

/* Begin PBXResourcesBuildPhase section */
		2C167CA8714988387BD9D277 /* Resources */ = {
			isa = PBXResourcesBuildPhase;
			buildActionMask = 2147483647;
			files = (
				F2C2B9B40D0A8478D6574B4E /* Assets.xcassets in Resources */,
				F091B01D59169689CBB3EDB6 /* Gabarito-Bold.ttf in Resources */,
				4BCAFD264E95D9E742AE05BA /* Gabarito-ExtraBold.ttf in Resources */,
				90F6E489893123A00170EE80 /* Gabarito-Medium.ttf in Resources */,
				291034520F1F8FCA0E5EEE5C /* Gabarito-Regular.ttf in Resources */,
				626B03DE04BB702D62F699F5 /* Gabarito-SemiBold.ttf in Resources */,
				9C6AEF96E6D5E17D4C028A17 /* OFL-Gabarito.txt in Resources */,
				BC10481C46C47C6063FFDA2B /* OFL-SplineSansMono.txt in Resources */,
				D0394324CE04DAE91A138496 /* PrivacyInfo.xcprivacy in Resources */,
				727666CCDFE3450761B5F522 /* SplineSansMono-Medium.ttf in Resources */,
				6D1605A29F887E72113F51C8 /* SplineSansMono-Regular.ttf in Resources */,
				0860E2AFB8E9781A5396C119 /* SplineSansMono-SemiBold.ttf in Resources */,
			);
			runOnlyForDeploymentPostprocessing = 0;
		};
		4D51DC953354BE1BF72D3F3F /* Resources */ = {
			isa = PBXResourcesBuildPhase;
			buildActionMask = 2147483647;
			files = (
				B91242CD5E29A921F06A5593 /* Assets.xcassets in Resources */,
			);
			runOnlyForDeploymentPostprocessing = 0;
		};
/* End PBXResourcesBuildPhase section */

/* Begin PBXSourcesBuildPhase section */
		2D80FC4B66B96B3A1EA9E893 /* Sources */ = {
			isa = PBXSourcesBuildPhase;
			buildActionMask = 2147483647;
			files = (
				ED1408D66E67AD68EB5668C3 /* BackupUITests.swift in Sources */,
				626D05D6DF17191AFF04A224 /* CSVImportUITests.swift in Sources */,
				16E5859E66AF85EACC3638A5 /* CategoriesUITests.swift in Sources */,
				1CA4701DA16820AFD9D048D2 /* GoalsUITests.swift in Sources */,
				300EDAE2DDB4850700D173A7 /* InsightsUITests.swift in Sources */,
				BFC3EC7B557D4B28AD5E1E5B /* MVPFlowUITests.swift in Sources */,
				7493165BACE175009509A326 /* OnboardingUITests.swift in Sources */,
				D65461C43522A0FAEE51D806 /* RecurringUITests.swift in Sources */,
				42C5440BDDA27C9941A77586 /* RouteOverPresentationUITests.swift in Sources */,
				028D66A8DEDBB39EA3F4B3D4 /* SystemIntegrationUITests.swift in Sources */,
				67253D481CF6D6074C69FF7C /* TabsUITests.swift in Sources */,
				E5B3E3B4F48F551F91B714E9 /* TagsRulesUITests.swift in Sources */,
				96FAED38DB9FE11510141039 /* UITestSupport.swift in Sources */,
				1CFC24C829D8C188212843D9 /* WorthUITests.swift in Sources */,
			);
			runOnlyForDeploymentPostprocessing = 0;
		};
		444DBBFA4B6F2940A45C9CB0 /* Sources */ = {
			isa = PBXSourcesBuildPhase;
			buildActionMask = 2147483647;
			files = (
				CCA2CC50FAB9F170B8939EC4 /* AccountEditorDialog.swift in Sources */,
				FE84E9BA453CBA39BCF0B4B5 /* AccountHistoryParts.swift in Sources */,
				4C1789440031F779E6550164 /* AccountHistoryView.swift in Sources */,
				CBA2719C7FCA371933164D04 /* AddFormPresenter.swift in Sources */,
				92C347F5E42211337D69F8AD /* AllocationDialog.swift in Sources */,
				A33249F54E8B2B0DE95E1C20 /* AmountInput.swift in Sources */,
				DC0ACEC38D74059FC1D891E5 /* AppLock.swift in Sources */,
				25510BEC61B1A34228AA2554 /* AppModel.swift in Sources */,
				B714CE63FA132A02FE2E4890 /* BudgetLimitSheet.swift in Sources */,
				D92EB23D1CA2485689CF5FBB /* BudgetsSection.swift in Sources */,
				065E436387B2E9B2EA0A50EA /* BudgieApp.swift in Sources */,
				5C9906BF143C4B6C61F3E2DE /* Cards.swift in Sources */,
				185C0FE6BA340EAF781E9137 /* CategoriesView.swift in Sources */,
				AFFAED13296092D3B7D70F81 /* CategoryEditorDialog.swift in Sources */,
				7F0043E5208FE859AD441807 /* CategoryRows.swift in Sources */,
				C35E109FAF11D13E350D06D0 /* CategoryTransactionsView.swift in Sources */,
				3A00F0582DF616A78CEBF1BE /* CelebrationOverlay.swift in Sources */,
				9D1EF823D7C304C67FA2BFC3 /* Chrome.swift in Sources */,
				9C36A3158406EA3338A36968 /* Colors.swift in Sources */,
				C48EF4A9709A77D68B583102 /* DataImportDialog.swift in Sources */,
				EEA3E162B9DA087682C4F671 /* DesignGalleryView.swift in Sources */,
				EA0E34188ED90C9D7CE8E5B4 /* DiagnosticsView.swift in Sources */,
				F6E09BF9F2A3745B683508F9 /* DonutChart.swift in Sources */,
				EF6689C3C15DA5A2F51B5FB6 /* Fields.swift in Sources */,
				CF91F2BB29FEC76E755BE877 /* FlowSheets.swift in Sources */,
				C89FCB098684DB0A51BD750B /* FlowTransactionsView.swift in Sources */,
				58421D731B43BA4B428F6F12 /* FlowView.swift in Sources */,
				B77F656D6050715E177A0D57 /* Fonts.swift in Sources */,
				5C46FB7738C7E9B39B128951 /* Glow.swift in Sources */,
				F9767309B73C53816105EC4E /* GlowFab.swift in Sources */,
				DADC714492DA2C972C0F669E /* GoalActions.swift in Sources */,
				847A524749C84D4CCC56914B /* GoalCard.swift in Sources */,
				8ADD0777977928235CF3B44A /* GoalForm.swift in Sources */,
				81DFE4BB0C9874BFF79A6FB0 /* GoalsView.swift in Sources */,
				08260060690300F8A2D702DE /* Headers.swift in Sources */,
				19FB5D980F78CF1BB363E8AC /* HomeHero.swift in Sources */,
				1B9213F25E5905AD4B770CC3 /* HomeMonthPanel.swift in Sources */,
				FBECFD4FBDB6F096E092588B /* HomeView.swift in Sources */,
				686B2F2C31484B299E48B679 /* InsightCard.swift in Sources */,
				F26DB5522522EBBF08088FA5 /* LicencesView.swift in Sources */,
				0BDCBA1F7A98D49F747333A5 /* MainView.swift in Sources */,
				A9B03492676EA93C0DFF401B /* Metrics.swift in Sources */,
				2028BD40319E041FE4307F31 /* MonthStrip.swift in Sources */,
				310FFC1574711FF99182A14F /* Motion.swift in Sources */,
				1CD6C6774725EE4E84DCFF23 /* NetCashFlowCard.swift in Sources */,
				216B9F81FFC920C67FD16E94 /* OnboardingView.swift in Sources */,
				FD479E8C2B938A9B867681C1 /* OpeningView.swift in Sources */,
				492795C0458BFC819E94B678 /* Pills.swift in Sources */,
				FFD6FC8084D6A1535D6930D8 /* Progress.swift in Sources */,
				EBEA70BE1580B123E8739B8A /* ProtectedDataMonitor.swift in Sources */,
				45A48350E6806575097C67D3 /* QuickExpenseSheet.swift in Sources */,
				AC1991E7F824DCBA57EE924F /* RecurringCard.swift in Sources */,
				C446DD4190BB726505C1EB15 /* RecurringFormView.swift in Sources */,
				6203B90952180BFA29B28B58 /* RecurringView.swift in Sources */,
				A20040AA4462073164A2FAA5 /* RehearsalSummary.swift in Sources */,
				A40BFB68E6EE2FF18619167F /* RootView.swift in Sources */,
				3670039B1B91546C7355A767 /* RuleEditorDialog.swift in Sources */,
				F87B54CFDC9BC885E883C3FD /* SafeToSpendSheet.swift in Sources */,
				FBAD6964C736FAAB4EADE1C3 /* SettingsChoiceSheet.swift in Sources */,
				7BB7CCEDB7106CD947FF5022 /* SettingsRows.swift in Sources */,
				C02683C5A3EEAFEFAA011A50 /* SettingsView.swift in Sources */,
				9594C1D2AE4C9E17DDBC5992 /* ShareSheet.swift in Sources */,
				A8F316E1477447807BAC7E6B /* SpendMonthSheet.swift in Sources */,
				CBFB72E304409F034FF1BDA6 /* SpendView.swift in Sources */,
				065D5B98B0AA3462267A0E61 /* TagDialogs.swift in Sources */,
				57C1710C00FB36BCF8B60059 /* TagsRulesView.swift in Sources */,
				F174FC9D4CF16A0B6E067ABC /* TextStyles.swift in Sources */,
				ED27F6279C64E595283CCDB5 /* Theme.swift in Sources */,
				019973BB81938BA8AA3F5CC2 /* Toast.swift in Sources */,
				CFDDCE5E5079FBD2F0A2DB72 /* ToastHost.swift in Sources */,
				F08842C77D36FF5B33731EB9 /* TransactionFormView.swift in Sources */,
				EBF368A32DC5E1465C2F623E /* TransactionsPreviewCard.swift in Sources */,
				64433AACB7BA41416F428F43 /* TransactionsView.swift in Sources */,
				122195B6962D7B71268770FA /* TrendCard.swift in Sources */,
				E7C1E076A51C18F59077828B /* WorthAccounts.swift in Sources */,
				2817870E0A8560BF37CACB38 /* WorthGrowthChart.swift in Sources */,
				3C9C9C3E147E2025E4F58A3B /* WorthView.swift in Sources */,
				AB128120C66EC99D38FFA2DA /* YearOverYearCard.swift in Sources */,
			);
			runOnlyForDeploymentPostprocessing = 0;
		};
		63AF8CEDB1181C38FD500430 /* Sources */ = {
			isa = PBXSourcesBuildPhase;
			buildActionMask = 2147483647;
			files = (
				CEE0A6CF48F8336095F2D33A /* SpringBoardProbe.swift in Sources */,
			);
			runOnlyForDeploymentPostprocessing = 0;
		};
		8D0010873E61A62F89888AD0 /* Sources */ = {
			isa = PBXSourcesBuildPhase;
			buildActionMask = 2147483647;
			files = (
				FE5B9B30E0779A3107D02108 /* BudgetWidgets.swift in Sources */,
				5416B7A70F85D0A149C0BA4C /* BudgetWidgetsBundle.swift in Sources */,
			);
			runOnlyForDeploymentPostprocessing = 0;
		};
		E29DAF8808CC80B938842E3C /* Sources */ = {
			isa = PBXSourcesBuildPhase;
			buildActionMask = 2147483647;
			files = (
				211FEA986BECCBDB82B92FCF /* AccountEditorInputTests.swift in Sources */,
				7DED1DB6FFB1EEE16F46577F /* AmountInputTests.swift in Sources */,
				97EE1D83505EAB453C10D5E8 /* CategoryModelTests.swift in Sources */,
				50D19AAA5AEB0097321C1173 /* CategoryRowMenuTests.swift in Sources */,
				74A926EA84A8FDEEC4CCDBCD /* DataTransferModelTests.swift in Sources */,
				F431010F0ACAD131C4E8E0C8 /* DayPickerDateTests.swift in Sources */,
				5AC290014BC51785886288D1 /* FontTests.swift in Sources */,
				CD122DBCF87F3A9655FB46FE /* InsightModelTests.swift in Sources */,
				1E6662429CE0A93506A8EF0C /* OnboardingCopyTests.swift in Sources */,
				972CC1557003B9C952B68421 /* RecurringOnboardingModelTests.swift in Sources */,
				C0471551D352DE1BFCAF15F6 /* RoutingTests.swift in Sources */,
				4081954DA097ACE32C29ED38 /* SelectedMonthTests.swift in Sources */,
				767CAD064D77B2559BDEF73E /* SpendPaletteTests.swift in Sources */,
				200CD3EE72523B4415302864 /* TagRuleModelTests.swift in Sources */,
				11E857F5EF1E31B97EF3D43B /* TextLineHeightTests.swift in Sources */,
				DD3477A856F81761EDAE932E /* ToastTests.swift in Sources */,
				6D4565D119A57E52E7C3DD79 /* TransactionFormValidationTests.swift in Sources */,
			);
			runOnlyForDeploymentPostprocessing = 0;
		};
/* End PBXSourcesBuildPhase section */

/* Begin PBXTargetDependency section */
		872233575D9B745E7A345AD6 /* PBXTargetDependency */ = {
			isa = PBXTargetDependency;
			target = D89C6551928154644BDAE069 /* Budgie */;
			targetProxy = DD55C5EED2754F0FFF0E1544 /* PBXContainerItemProxy */;
		};
		A7CC9CF6601C509743EFEFC8 /* PBXTargetDependency */ = {
			isa = PBXTargetDependency;
			target = E5A93A25BB0A7E19A213CFE0 /* BudgetWidgetsExtension */;
			targetProxy = 9576836E5421DD418F630187 /* PBXContainerItemProxy */;
		};
		EF10BAAA26A265ABB0764D04 /* PBXTargetDependency */ = {
			isa = PBXTargetDependency;
			target = D89C6551928154644BDAE069 /* Budgie */;
			targetProxy = A43490FCFB70755DFC21EB64 /* PBXContainerItemProxy */;
		};
/* End PBXTargetDependency section */

/* Begin XCBuildConfiguration section */
		1B07A1926A037A2FEBBC1114 /* Debug */ = {
			isa = XCBuildConfiguration;
			buildSettings = {
				BUNDLE_LOADER = "$(TEST_HOST)";
				GENERATE_INFOPLIST_FILE = YES;
				LD_RUNPATH_SEARCH_PATHS = (
					"$(inherited)",
					"@executable_path/Frameworks",
					"@loader_path/Frameworks",
				);
				PRODUCT_BUNDLE_IDENTIFIER = com.khatruong.budgetbuddy.springboardprobe;
				SDKROOT = iphoneos;
				TARGETED_DEVICE_FAMILY = "1,2";
			};
			name = Debug;
		};
		22729B539F5D5B41C802365F /* Release */ = {
			isa = XCBuildConfiguration;
			buildSettings = {
				BUNDLE_LOADER = "$(TEST_HOST)";
				GENERATE_INFOPLIST_FILE = YES;
				LD_RUNPATH_SEARCH_PATHS = (
					"$(inherited)",
					"@executable_path/Frameworks",
					"@loader_path/Frameworks",
				);
				PRODUCT_BUNDLE_IDENTIFIER = com.khatruong.budgetbuddy.uitests;
				SDKROOT = iphoneos;
				TARGETED_DEVICE_FAMILY = "1,2";
				TEST_TARGET_NAME = Budgie;
			};
			name = Release;
		};
		5591A2D593D9ED45B896EB48 /* Debug */ = {
			isa = XCBuildConfiguration;
			buildSettings = {
				BUNDLE_LOADER = "$(TEST_HOST)";
				GENERATE_INFOPLIST_FILE = YES;
				LD_RUNPATH_SEARCH_PATHS = (
					"$(inherited)",
					"@executable_path/Frameworks",
					"@loader_path/Frameworks",
				);
				PRODUCT_BUNDLE_IDENTIFIER = com.khatruong.budgetbuddy.uitests;
				SDKROOT = iphoneos;
				TARGETED_DEVICE_FAMILY = "1,2";
				TEST_TARGET_NAME = Budgie;
			};
			name = Debug;
		};
		6F93874808BB5B61563F3CD9 /* Debug */ = {
			isa = XCBuildConfiguration;
			buildSettings = {
				BUNDLE_LOADER = "$(TEST_HOST)";
				GENERATE_INFOPLIST_FILE = YES;
				LD_RUNPATH_SEARCH_PATHS = (
					"$(inherited)",
					"@executable_path/Frameworks",
					"@loader_path/Frameworks",
				);
				PRODUCT_BUNDLE_IDENTIFIER = com.khatruong.budgetbuddy.tests;
				SDKROOT = iphoneos;
				TARGETED_DEVICE_FAMILY = "1,2";
				TEST_HOST = "$(BUILT_PRODUCTS_DIR)/Budgie.app/Budgie";
			};
			name = Debug;
		};
		807F5C97F941BE9F0C36862B /* Debug */ = {
			isa = XCBuildConfiguration;
			buildSettings = {
				ASSETCATALOG_COMPILER_APPICON_NAME = AppIcon;
				CODE_SIGN_ENTITLEMENTS = Budgie/Budgie.entitlements;
				CODE_SIGN_IDENTITY = "iPhone Developer";
				INFOPLIST_FILE = Budgie/Info.plist;
				LD_RUNPATH_SEARCH_PATHS = (
					"$(inherited)",
					"@executable_path/Frameworks",
				);
				PRODUCT_BUNDLE_IDENTIFIER = com.khatruong.budgetbuddy;
				PRODUCT_MODULE_NAME = Runner;
				PRODUCT_NAME = Budgie;
				SDKROOT = iphoneos;
				SUPPORTS_MACCATALYST = NO;
				SUPPORTS_MAC_DESIGNED_FOR_IPHONE_IPAD = NO;
				TARGETED_DEVICE_FAMILY = 1;
			};
			name = Debug;
		};
		8890132E0D065274AC8398FC /* Release */ = {
			isa = XCBuildConfiguration;
			buildSettings = {
				ASSETCATALOG_COMPILER_APPICON_NAME = AppIcon;
				CODE_SIGN_ENTITLEMENTS = Budgie/Budgie.entitlements;
				CODE_SIGN_IDENTITY = "iPhone Developer";
				INFOPLIST_FILE = Budgie/Info.plist;
				LD_RUNPATH_SEARCH_PATHS = (
					"$(inherited)",
					"@executable_path/Frameworks",
				);
				PRODUCT_BUNDLE_IDENTIFIER = com.khatruong.budgetbuddy;
				PRODUCT_MODULE_NAME = Runner;
				PRODUCT_NAME = Budgie;
				SDKROOT = iphoneos;
				SUPPORTS_MACCATALYST = NO;
				SUPPORTS_MAC_DESIGNED_FOR_IPHONE_IPAD = NO;
				TARGETED_DEVICE_FAMILY = 1;
			};
			name = Release;
		};
		8B1DDE2E3BC07E2F5EF384B8 /* Release */ = {
			isa = XCBuildConfiguration;
			buildSettings = {
				CODE_SIGN_ENTITLEMENTS = BudgetWidgets/BudgetWidgets.entitlements;
				INFOPLIST_FILE = BudgetWidgets/Info.plist;
				LD_RUNPATH_SEARCH_PATHS = (
					"$(inherited)",
					"@executable_path/Frameworks",
					"@executable_path/../../Frameworks",
				);
				PRODUCT_BUNDLE_IDENTIFIER = com.khatruong.budgetbuddy.BudgetWidgetsExtension;
				PRODUCT_NAME = BudgetWidgetsExtension;
				SDKROOT = iphoneos;
				SKIP_INSTALL = YES;
				TARGETED_DEVICE_FAMILY = "1,2";
			};
			name = Release;
		};
		A28B0423E6E3788430EBB7C8 /* Release */ = {
			isa = XCBuildConfiguration;
			buildSettings = {
				ALWAYS_SEARCH_USER_PATHS = NO;
				CLANG_ANALYZER_NONNULL = YES;
				CLANG_ANALYZER_NUMBER_OBJECT_CONVERSION = YES_AGGRESSIVE;
				CLANG_CXX_LANGUAGE_STANDARD = "gnu++14";
				CLANG_CXX_LIBRARY = "libc++";
				CLANG_ENABLE_MODULES = YES;
				CLANG_ENABLE_OBJC_ARC = YES;
				CLANG_ENABLE_OBJC_WEAK = YES;
				CLANG_WARN_BLOCK_CAPTURE_AUTORELEASING = YES;
				CLANG_WARN_BOOL_CONVERSION = YES;
				CLANG_WARN_COMMA = YES;
				CLANG_WARN_CONSTANT_CONVERSION = YES;
				CLANG_WARN_DEPRECATED_OBJC_IMPLEMENTATIONS = YES;
				CLANG_WARN_DIRECT_OBJC_ISA_USAGE = YES_ERROR;
				CLANG_WARN_DOCUMENTATION_COMMENTS = YES;
				CLANG_WARN_EMPTY_BODY = YES;
				CLANG_WARN_ENUM_CONVERSION = YES;
				CLANG_WARN_INFINITE_RECURSION = YES;
				CLANG_WARN_INT_CONVERSION = YES;
				CLANG_WARN_NON_LITERAL_NULL_CONVERSION = YES;
				CLANG_WARN_OBJC_IMPLICIT_RETAIN_SELF = YES;
				CLANG_WARN_OBJC_LITERAL_CONVERSION = YES;
				CLANG_WARN_OBJC_ROOT_CLASS = YES_ERROR;
				CLANG_WARN_QUOTED_INCLUDE_IN_FRAMEWORK_HEADER = YES;
				CLANG_WARN_RANGE_LOOP_ANALYSIS = YES;
				CLANG_WARN_STRICT_PROTOTYPES = YES;
				CLANG_WARN_SUSPICIOUS_MOVE = YES;
				CLANG_WARN_UNGUARDED_AVAILABILITY = YES_AGGRESSIVE;
				CLANG_WARN_UNREACHABLE_CODE = YES;
				CLANG_WARN__DUPLICATE_METHOD_MATCH = YES;
				CODE_SIGN_STYLE = Automatic;
				COPY_PHASE_STRIP = NO;
				CURRENT_PROJECT_VERSION = 1;
				DEBUG_INFORMATION_FORMAT = "dwarf-with-dsym";
				DEVELOPMENT_TEAM = TJ37GFZKW2;
				ENABLE_NS_ASSERTIONS = NO;
				ENABLE_STRICT_OBJC_MSGSEND = YES;
				ENABLE_USER_SCRIPT_SANDBOXING = YES;
				GCC_C_LANGUAGE_STANDARD = gnu11;
				GCC_NO_COMMON_BLOCKS = YES;
				GCC_WARN_64_TO_32_BIT_CONVERSION = YES;
				GCC_WARN_ABOUT_RETURN_TYPE = YES_ERROR;
				GCC_WARN_UNDECLARED_SELECTOR = YES;
				GCC_WARN_UNINITIALIZED_AUTOS = YES_AGGRESSIVE;
				GCC_WARN_UNUSED_FUNCTION = YES;
				GCC_WARN_UNUSED_VARIABLE = YES;
				IPHONEOS_DEPLOYMENT_TARGET = 17.0;
				MARKETING_VERSION = 4.0.0;
				MTL_ENABLE_DEBUG_INFO = NO;
				MTL_FAST_MATH = YES;
				PRODUCT_NAME = "$(TARGET_NAME)";
				SDKROOT = iphoneos;
				SWIFT_COMPILATION_MODE = wholemodule;
				SWIFT_OPTIMIZATION_LEVEL = "-O";
				SWIFT_VERSION = 6.0;
			};
			name = Release;
		};
		B309BD32FEAD13ECD15F653E /* Debug */ = {
			isa = XCBuildConfiguration;
			buildSettings = {
				ALWAYS_SEARCH_USER_PATHS = NO;
				CLANG_ANALYZER_NONNULL = YES;
				CLANG_ANALYZER_NUMBER_OBJECT_CONVERSION = YES_AGGRESSIVE;
				CLANG_CXX_LANGUAGE_STANDARD = "gnu++14";
				CLANG_CXX_LIBRARY = "libc++";
				CLANG_ENABLE_MODULES = YES;
				CLANG_ENABLE_OBJC_ARC = YES;
				CLANG_ENABLE_OBJC_WEAK = YES;
				CLANG_WARN_BLOCK_CAPTURE_AUTORELEASING = YES;
				CLANG_WARN_BOOL_CONVERSION = YES;
				CLANG_WARN_COMMA = YES;
				CLANG_WARN_CONSTANT_CONVERSION = YES;
				CLANG_WARN_DEPRECATED_OBJC_IMPLEMENTATIONS = YES;
				CLANG_WARN_DIRECT_OBJC_ISA_USAGE = YES_ERROR;
				CLANG_WARN_DOCUMENTATION_COMMENTS = YES;
				CLANG_WARN_EMPTY_BODY = YES;
				CLANG_WARN_ENUM_CONVERSION = YES;
				CLANG_WARN_INFINITE_RECURSION = YES;
				CLANG_WARN_INT_CONVERSION = YES;
				CLANG_WARN_NON_LITERAL_NULL_CONVERSION = YES;
				CLANG_WARN_OBJC_IMPLICIT_RETAIN_SELF = YES;
				CLANG_WARN_OBJC_LITERAL_CONVERSION = YES;
				CLANG_WARN_OBJC_ROOT_CLASS = YES_ERROR;
				CLANG_WARN_QUOTED_INCLUDE_IN_FRAMEWORK_HEADER = YES;
				CLANG_WARN_RANGE_LOOP_ANALYSIS = YES;
				CLANG_WARN_STRICT_PROTOTYPES = YES;
				CLANG_WARN_SUSPICIOUS_MOVE = YES;
				CLANG_WARN_UNGUARDED_AVAILABILITY = YES_AGGRESSIVE;
				CLANG_WARN_UNREACHABLE_CODE = YES;
				CLANG_WARN__DUPLICATE_METHOD_MATCH = YES;
				CODE_SIGN_STYLE = Automatic;
				COPY_PHASE_STRIP = NO;
				CURRENT_PROJECT_VERSION = 1;
				DEBUG_INFORMATION_FORMAT = dwarf;
				DEVELOPMENT_TEAM = TJ37GFZKW2;
				ENABLE_STRICT_OBJC_MSGSEND = YES;
				ENABLE_TESTABILITY = YES;
				ENABLE_USER_SCRIPT_SANDBOXING = YES;
				GCC_C_LANGUAGE_STANDARD = gnu11;
				GCC_DYNAMIC_NO_PIC = NO;
				GCC_NO_COMMON_BLOCKS = YES;
				GCC_OPTIMIZATION_LEVEL = 0;
				GCC_PREPROCESSOR_DEFINITIONS = (
					"$(inherited)",
					"DEBUG=1",
				);
				GCC_WARN_64_TO_32_BIT_CONVERSION = YES;
				GCC_WARN_ABOUT_RETURN_TYPE = YES_ERROR;
				GCC_WARN_UNDECLARED_SELECTOR = YES;
				GCC_WARN_UNINITIALIZED_AUTOS = YES_AGGRESSIVE;
				GCC_WARN_UNUSED_FUNCTION = YES;
				GCC_WARN_UNUSED_VARIABLE = YES;
				IPHONEOS_DEPLOYMENT_TARGET = 17.0;
				MARKETING_VERSION = 4.0.0;
				MTL_ENABLE_DEBUG_INFO = INCLUDE_SOURCE;
				MTL_FAST_MATH = YES;
				ONLY_ACTIVE_ARCH = YES;
				PRODUCT_NAME = "$(TARGET_NAME)";
				SDKROOT = iphoneos;
				SWIFT_ACTIVE_COMPILATION_CONDITIONS = DEBUG;
				SWIFT_OPTIMIZATION_LEVEL = "-Onone";
				SWIFT_VERSION = 6.0;
			};
			name = Debug;
		};
		B6292EFAF3196D1043F217BA /* Debug */ = {
			isa = XCBuildConfiguration;
			buildSettings = {
				CODE_SIGN_ENTITLEMENTS = BudgetWidgets/BudgetWidgets.entitlements;
				INFOPLIST_FILE = BudgetWidgets/Info.plist;
				LD_RUNPATH_SEARCH_PATHS = (
					"$(inherited)",
					"@executable_path/Frameworks",
					"@executable_path/../../Frameworks",
				);
				PRODUCT_BUNDLE_IDENTIFIER = com.khatruong.budgetbuddy.BudgetWidgetsExtension;
				PRODUCT_NAME = BudgetWidgetsExtension;
				SDKROOT = iphoneos;
				SKIP_INSTALL = YES;
				TARGETED_DEVICE_FAMILY = "1,2";
			};
			name = Debug;
		};
		EB7BF9EE64B24212E2CE7299 /* Release */ = {
			isa = XCBuildConfiguration;
			buildSettings = {
				BUNDLE_LOADER = "$(TEST_HOST)";
				GENERATE_INFOPLIST_FILE = YES;
				LD_RUNPATH_SEARCH_PATHS = (
					"$(inherited)",
					"@executable_path/Frameworks",
					"@loader_path/Frameworks",
				);
				PRODUCT_BUNDLE_IDENTIFIER = com.khatruong.budgetbuddy.tests;
				SDKROOT = iphoneos;
				TARGETED_DEVICE_FAMILY = "1,2";
				TEST_HOST = "$(BUILT_PRODUCTS_DIR)/Budgie.app/Budgie";
			};
			name = Release;
		};
		F4034D3853E58EA2EA7E369C /* Release */ = {
			isa = XCBuildConfiguration;
			buildSettings = {
				BUNDLE_LOADER = "$(TEST_HOST)";
				GENERATE_INFOPLIST_FILE = YES;
				LD_RUNPATH_SEARCH_PATHS = (
					"$(inherited)",
					"@executable_path/Frameworks",
					"@loader_path/Frameworks",
				);
				PRODUCT_BUNDLE_IDENTIFIER = com.khatruong.budgetbuddy.springboardprobe;
				SDKROOT = iphoneos;
				TARGETED_DEVICE_FAMILY = "1,2";
			};
			name = Release;
		};
/* End XCBuildConfiguration section */

/* Begin XCConfigurationList section */
		4D69558B0ADFD8290EB46C7A /* Build configuration list for PBXNativeTarget "BudgetWidgetsExtension" */ = {
			isa = XCConfigurationList;
			buildConfigurations = (
				B6292EFAF3196D1043F217BA /* Debug */,
				8B1DDE2E3BC07E2F5EF384B8 /* Release */,
			);
			defaultConfigurationIsVisible = 0;
			defaultConfigurationName = Debug;
		};
		4F9E2A786FF2FD2351C08C02 /* Build configuration list for PBXNativeTarget "SpringBoardProbe" */ = {
			isa = XCConfigurationList;
			buildConfigurations = (
				1B07A1926A037A2FEBBC1114 /* Debug */,
				F4034D3853E58EA2EA7E369C /* Release */,
			);
			defaultConfigurationIsVisible = 0;
			defaultConfigurationName = Debug;
		};
		B3A3421D286050624A8243B4 /* Build configuration list for PBXNativeTarget "Budgie" */ = {
			isa = XCConfigurationList;
			buildConfigurations = (
				807F5C97F941BE9F0C36862B /* Debug */,
				8890132E0D065274AC8398FC /* Release */,
			);
			defaultConfigurationIsVisible = 0;
			defaultConfigurationName = Debug;
		};
		DA370F2961F5F75B49C5F35A /* Build configuration list for PBXNativeTarget "BudgieAppTests" */ = {
			isa = XCConfigurationList;
			buildConfigurations = (
				6F93874808BB5B61563F3CD9 /* Debug */,
				EB7BF9EE64B24212E2CE7299 /* Release */,
			);
			defaultConfigurationIsVisible = 0;
			defaultConfigurationName = Debug;
		};
		F2A377208A6322B5E2571103 /* Build configuration list for PBXNativeTarget "BudgieUITests" */ = {
			isa = XCConfigurationList;
			buildConfigurations = (
				5591A2D593D9ED45B896EB48 /* Debug */,
				22729B539F5D5B41C802365F /* Release */,
			);
			defaultConfigurationIsVisible = 0;
			defaultConfigurationName = Debug;
		};
		FDEC4534EA6EF583EFB41E26 /* Build configuration list for PBXProject "Budgie" */ = {
			isa = XCConfigurationList;
			buildConfigurations = (
				B309BD32FEAD13ECD15F653E /* Debug */,
				A28B0423E6E3788430EBB7C8 /* Release */,
			);
			defaultConfigurationIsVisible = 0;
			defaultConfigurationName = Debug;
		};
/* End XCConfigurationList section */

/* Begin XCLocalSwiftPackageReference section */
		5775851601948A9C432E025B /* XCLocalSwiftPackageReference "BudgieCore" */ = {
			isa = XCLocalSwiftPackageReference;
			relativePath = BudgieCore;
		};
/* End XCLocalSwiftPackageReference section */

/* Begin XCSwiftPackageProductDependency section */
		B54562B75CAA02C6A251ACA7 /* BudgieCore */ = {
			isa = XCSwiftPackageProductDependency;
			productName = BudgieCore;
		};
/* End XCSwiftPackageProductDependency section */
	};
	rootObject = BE4FAB550D5DAEC3DC332F5C /* Project object */;
}
